// !$*UTF8*$!
{
	archiveVersion = 1;
	classes = {
	};
	objectVersion = 46;
	objects = {

/* Begin PBXBuildFile section */
		1107342D18BDBF8B008C941A /* AppUIAppearanceManager.m in Sources */ = {isa = PBXBuildFile; fileRef = 1107342C18BDBF8B008C941A /* AppUIAppearanceManager.m */; };
		1114A7F6182D8B3300089669 /* Foundation.framework in Frameworks */ = {isa = PBXBuildFile; fileRef = 1114A7F5182D8B3300089669 /* Foundation.framework */; };
		1114A7F8182D8B3300089669 /* CoreGraphics.framework in Frameworks */ = {isa = PBXBuildFile; fileRef = 1114A7F7182D8B3300089669 /* CoreGraphics.framework */; };
		1114A7FA182D8B3300089669 /* UIKit.framework in Frameworks */ = {isa = PBXBuildFile; fileRef = 1114A7F9182D8B3300089669 /* UIKit.framework */; };
		1114A800182D8B3300089669 /* InfoPlist.strings in Resources */ = {isa = PBXBuildFile; fileRef = 1114A7FE182D8B3300089669 /* InfoPlist.strings */; };
		1114A802182D8B3300089669 /* main.m in Sources */ = {isa = PBXBuildFile; fileRef = 1114A801182D8B3300089669 /* main.m */; };
		1114A806182D8B3300089669 /* AppDelegate.m in Sources */ = {isa = PBXBuildFile; fileRef = 1114A805182D8B3300089669 /* AppDelegate.m */; };
		1114A808182D8B3300089669 /* Images.xcassets in Resources */ = {isa = PBXBuildFile; fileRef = 1114A807182D8B3300089669 /* Images.xcassets */; };
		1114A80F182D8B3400089669 /* XCTest.framework in Frameworks */ = {isa = PBXBuildFile; fileRef = 1114A80E182D8B3400089669 /* XCTest.framework */; };
		1114A810182D8B3400089669 /* Foundation.framework in Frameworks */ = {isa = PBXBuildFile; fileRef = 1114A7F5182D8B3300089669 /* Foundation.framework */; };
		1114A811182D8B3400089669 /* UIKit.framework in Frameworks */ = {isa = PBXBuildFile; fileRef = 1114A7F9182D8B3300089669 /* UIKit.framework */; };
		1114A819182D8B3400089669 /* InfoPlist.strings in Resources */ = {isa = PBXBuildFile; fileRef = 1114A817182D8B3400089669 /* InfoPlist.strings */; };
		111B758718B7F4FD00B10716 /* TabBarIconContact.png in Resources */ = {isa = PBXBuildFile; fileRef = 111B758118B7F4FD00B10716 /* TabBarIconContact.png */; };
		111B758818B7F4FD00B10716 /* TabBarIconContact@2x.png in Resources */ = {isa = PBXBuildFile; fileRef = 111B758218B7F4FD00B10716 /* TabBarIconContact@2x.png */; };
		111B758918B7F4FD00B10716 /* TabBarIconFavorites.png in Resources */ = {isa = PBXBuildFile; fileRef = 111B758318B7F4FD00B10716 /* TabBarIconFavorites.png */; };
		111B758A18B7F4FD00B10716 /* TabBarIconFavorites@2x.png in Resources */ = {isa = PBXBuildFile; fileRef = 111B758418B7F4FD00B10716 /* TabBarIconFavorites@2x.png */; };
		111B758B18B7F4FD00B10716 /* TabBarIconNew.png in Resources */ = {isa = PBXBuildFile; fileRef = 111B758518B7F4FD00B10716 /* TabBarIconNew.png */; };
		111B758C18B7F4FD00B10716 /* TabBarIconNew@2x.png in Resources */ = {isa = PBXBuildFile; fileRef = 111B758618B7F4FD00B10716 /* TabBarIconNew@2x.png */; };
		111C65A319777D530073D605 /* ApiUserResponse.m in Sources */ = {isa = PBXBuildFile; fileRef = 111C65A219777D530073D605 /* ApiUserResponse.m */; };
		111C65A419777D530073D605 /* ApiUserResponse.m in Sources */ = {isa = PBXBuildFile; fileRef = 111C65A219777D530073D605 /* ApiUserResponse.m */; };
		111E5970182EC53F00B7FD49 /* ApiManager.m in Sources */ = {isa = PBXBuildFile; fileRef = 111E596F182EC53F00B7FD49 /* ApiManager.m */; };
		111E5971182EC53F00B7FD49 /* ApiManager.m in Sources */ = {isa = PBXBuildFile; fileRef = 111E596F182EC53F00B7FD49 /* ApiManager.m */; };
		111E5975182ECA8F00B7FD49 /* DebugTestManager.m in Sources */ = {isa = PBXBuildFile; fileRef = 111E5974182ECA8F00B7FD49 /* DebugTestManager.m */; };
		111E5976182ECA8F00B7FD49 /* DebugTestManager.m in Sources */ = {isa = PBXBuildFile; fileRef = 111E5974182ECA8F00B7FD49 /* DebugTestManager.m */; };
		111E597D18309A6700B7FD49 /* ApiUser.m in Sources */ = {isa = PBXBuildFile; fileRef = 111E597C18309A6700B7FD49 /* ApiUser.m */; };
		111E597E18309A6700B7FD49 /* ApiUser.m in Sources */ = {isa = PBXBuildFile; fileRef = 111E597C18309A6700B7FD49 /* ApiUser.m */; };
		1127D630197744B1004BA5B8 /* ApiManagerContentTests.m in Sources */ = {isa = PBXBuildFile; fileRef = 1127D62F197744B1004BA5B8 /* ApiManagerContentTests.m */; };
		1131DA6718B5584300EFDB34 /* SignInViewHelper.m in Sources */ = {isa = PBXBuildFile; fileRef = 1131DA6518B5584300EFDB34 /* SignInViewHelper.m */; };
		1131DA6B18B55AFE00EFDB34 /* SocialSignin_Google.png in Resources */ = {isa = PBXBuildFile; fileRef = 1131DA6918B55AFE00EFDB34 /* SocialSignin_Google.png */; };
		1131DA6C18B55AFE00EFDB34 /* SocialSignin_Facebook.png in Resources */ = {isa = PBXBuildFile; fileRef = 1131DA6A18B55AFE00EFDB34 /* SocialSignin_Facebook.png */; };
		1131DA6E18B55B0700EFDB34 /* SocialSignin_Twitter.png in Resources */ = {isa = PBXBuildFile; fileRef = 1131DA6D18B55B0700EFDB34 /* SocialSignin_Twitter.png */; };
		1131DA7018B55B1300EFDB34 /* SocialSignin_Email.png in Resources */ = {isa = PBXBuildFile; fileRef = 1131DA6F18B55B1300EFDB34 /* SocialSignin_Email.png */; };
		1131DA7618B5657C00EFDB34 /* WomSignInViewController.m in Sources */ = {isa = PBXBuildFile; fileRef = 1131DA7218B5657C00EFDB34 /* WomSignInViewController.m */; };
		1131DA7718B5657C00EFDB34 /* WomSignInViewHelper.m in Sources */ = {isa = PBXBuildFile; fileRef = 1131DA7318B5657C00EFDB34 /* WomSignInViewHelper.m */; };
		1139704719778CD9001EFF9C /* ApiRequestHelperTests.m in Sources */ = {isa = PBXBuildFile; fileRef = 1139704619778CD9001EFF9C /* ApiRequestHelperTests.m */; };
		115F1B9E197492D9002262F5 /* ApiRequestHelper.m in Sources */ = {isa = PBXBuildFile; fileRef = 115F1B9D197492D9002262F5 /* ApiRequestHelper.m */; };
		115F1B9F197492D9002262F5 /* ApiRequestHelper.m in Sources */ = {isa = PBXBuildFile; fileRef = 115F1B9D197492D9002262F5 /* ApiRequestHelper.m */; };
		1166AD7A1974BEBA0010BFEA /* ApiContentManager.m in Sources */ = {isa = PBXBuildFile; fileRef = 1166AD791974BEBA0010BFEA /* ApiContentManager.m */; };
		1166AD7B1974BEBA0010BFEA /* ApiContentManager.m in Sources */ = {isa = PBXBuildFile; fileRef = 1166AD791974BEBA0010BFEA /* ApiContentManager.m */; };
		1166AD7E19759ED30010BFEA /* ApiValidationManager.m in Sources */ = {isa = PBXBuildFile; fileRef = 1166AD7D19759ED30010BFEA /* ApiValidationManager.m */; };
		1166AD7F19759ED30010BFEA /* ApiValidationManager.m in Sources */ = {isa = PBXBuildFile; fileRef = 1166AD7D19759ED30010BFEA /* ApiValidationManager.m */; };
		1166AD811975AD4C0010BFEA /* ApiValidationManagerTests.m in Sources */ = {isa = PBXBuildFile; fileRef = 1166AD801975AD4C0010BFEA /* ApiValidationManagerTests.m */; };
		1166AD831975D79C0010BFEA /* ApiManagerValidationTests.m in Sources */ = {isa = PBXBuildFile; fileRef = 1166AD821975D79C0010BFEA /* ApiManagerValidationTests.m */; };
		1166AD871975EC640010BFEA /* WomSignUpViewController.m in Sources */ = {isa = PBXBuildFile; fileRef = 1166AD861975EC640010BFEA /* WomSignUpViewController.m */; };
		1166AD881975EC640010BFEA /* WomSignUpViewController.m in Sources */ = {isa = PBXBuildFile; fileRef = 1166AD861975EC640010BFEA /* WomSignUpViewController.m */; };
		1166AD8B1975ECDB0010BFEA /* WomSignUpViewHelper.m in Sources */ = {isa = PBXBuildFile; fileRef = 1166AD8A1975ECDB0010BFEA /* WomSignUpViewHelper.m */; };
		1166AD8C1975ECDB0010BFEA /* WomSignUpViewHelper.m in Sources */ = {isa = PBXBuildFile; fileRef = 1166AD8A1975ECDB0010BFEA /* WomSignUpViewHelper.m */; };
		1166AD901976F5C90010BFEA /* PlaceHolderFactory.m in Sources */ = {isa = PBXBuildFile; fileRef = 1166AD8F1976F5C90010BFEA /* PlaceHolderFactory.m */; };
		1166AD911976F5C90010BFEA /* PlaceHolderFactory.m in Sources */ = {isa = PBXBuildFile; fileRef = 1166AD8F1976F5C90010BFEA /* PlaceHolderFactory.m */; };
		116D500518E3997A00579F37 /* LocalContent_FZ_DB.sqlite in Resources */ = {isa = PBXBuildFile; fileRef = 116D500418E3997A00579F37 /* LocalContent_FZ_DB.sqlite */; };
		116EE32118ADA08D00C66D86 /* ContentManager.m in Sources */ = {isa = PBXBuildFile; fileRef = 116EE32018ADA08D00C66D86 /* ContentManager.m */; };
		116EE32718ADA0E100C66D86 /* AppUIManager.m in Sources */ = {isa = PBXBuildFile; fileRef = 116EE32618ADA0E100C66D86 /* AppUIManager.m */; };
		116EE32A18ADA0F800C66D86 /* AppGraphicsManager.m in Sources */ = {isa = PBXBuildFile; fileRef = 116EE32918ADA0F800C66D86 /* AppGraphicsManager.m */; };
		116EE32D18ADA10B00C66D86 /* AppAudioManager.m in Sources */ = {isa = PBXBuildFile; fileRef = 116EE32C18ADA10B00C66D86 /* AppAudioManager.m */; };
		116EE33018ADA1AC00C66D86 /* AppAnimationManager.m in Sources */ = {isa = PBXBuildFile; fileRef = 116EE32F18ADA1AC00C66D86 /* AppAnimationManager.m */; };
		116EE33618ADB58500C66D86 /* CommonUtility.m in Sources */ = {isa = PBXBuildFile; fileRef = 116EE33318ADB58500C66D86 /* CommonUtility.m */; };
		1170EB01196B83A600802D4D /* ApiUserDatabaseTests.m in Sources */ = {isa = PBXBuildFile; fileRef = 1170EB00196B83A600802D4D /* ApiUserDatabaseTests.m */; };
		1170EB04196C70B700802D4D /* ApiUserManagerTests.m in Sources */ = {isa = PBXBuildFile; fileRef = 1170EB03196C70B700802D4D /* ApiUserManagerTests.m */; };
		1170EB0A196DCAF600802D4D /* JSONResponseSerializerWithData.m in Sources */ = {isa = PBXBuildFile; fileRef = 1170EB09196DCAF600802D4D /* JSONResponseSerializerWithData.m */; };
		1171CABF196917DF00B40A0E /* ApiUserManager.m in Sources */ = {isa = PBXBuildFile; fileRef = 1171CABE196917DF00B40A0E /* ApiUserManager.m */; };
		1171CAC21969E30500B40A0E /* ApiUserDatabase.m in Sources */ = {isa = PBXBuildFile; fileRef = 1171CAC01969E30400B40A0E /* ApiUserDatabase.m */; };
		1171CAC31969E30500B40A0E /* ApiUserDatabase.m in Sources */ = {isa = PBXBuildFile; fileRef = 1171CAC01969E30400B40A0E /* ApiUserDatabase.m */; };
		11720F5118B6A83500124C9F /* ProfileViewHelper.m in Sources */ = {isa = PBXBuildFile; fileRef = 11720F4F18B6A83500124C9F /* ProfileViewHelper.m */; };
		117D9285194B86E200FD6EDD /* AFHTTPRequestOperation.m in Sources */ = {isa = PBXBuildFile; fileRef = 117D9273194B86E100FD6EDD /* AFHTTPRequestOperation.m */; };
		117D9286194B86E200FD6EDD /* AFHTTPRequestOperation.m in Sources */ = {isa = PBXBuildFile; fileRef = 117D9273194B86E100FD6EDD /* AFHTTPRequestOperation.m */; };
		117D9287194B86E200FD6EDD /* AFHTTPRequestOperationManager.m in Sources */ = {isa = PBXBuildFile; fileRef = 117D9275194B86E100FD6EDD /* AFHTTPRequestOperationManager.m */; };
		117D9288194B86E200FD6EDD /* AFHTTPRequestOperationManager.m in Sources */ = {isa = PBXBuildFile; fileRef = 117D9275194B86E100FD6EDD /* AFHTTPRequestOperationManager.m */; };
		117D9289194B86E200FD6EDD /* AFHTTPSessionManager.m in Sources */ = {isa = PBXBuildFile; fileRef = 117D9277194B86E100FD6EDD /* AFHTTPSessionManager.m */; };
		117D928A194B86E200FD6EDD /* AFHTTPSessionManager.m in Sources */ = {isa = PBXBuildFile; fileRef = 117D9277194B86E100FD6EDD /* AFHTTPSessionManager.m */; };
		117D928B194B86E200FD6EDD /* AFNetworkReachabilityManager.m in Sources */ = {isa = PBXBuildFile; fileRef = 117D927A194B86E100FD6EDD /* AFNetworkReachabilityManager.m */; };
		117D928C194B86E200FD6EDD /* AFNetworkReachabilityManager.m in Sources */ = {isa = PBXBuildFile; fileRef = 117D927A194B86E100FD6EDD /* AFNetworkReachabilityManager.m */; };
		117D928D194B86E200FD6EDD /* AFSecurityPolicy.m in Sources */ = {isa = PBXBuildFile; fileRef = 117D927C194B86E100FD6EDD /* AFSecurityPolicy.m */; };
		117D928E194B86E200FD6EDD /* AFSecurityPolicy.m in Sources */ = {isa = PBXBuildFile; fileRef = 117D927C194B86E100FD6EDD /* AFSecurityPolicy.m */; };
		117D928F194B86E200FD6EDD /* AFURLConnectionOperation.m in Sources */ = {isa = PBXBuildFile; fileRef = 117D927E194B86E200FD6EDD /* AFURLConnectionOperation.m */; };
		117D9290194B86E200FD6EDD /* AFURLConnectionOperation.m in Sources */ = {isa = PBXBuildFile; fileRef = 117D927E194B86E200FD6EDD /* AFURLConnectionOperation.m */; };
		117D9291194B86E200FD6EDD /* AFURLRequestSerialization.m in Sources */ = {isa = PBXBuildFile; fileRef = 117D9280194B86E200FD6EDD /* AFURLRequestSerialization.m */; };
		117D9292194B86E200FD6EDD /* AFURLRequestSerialization.m in Sources */ = {isa = PBXBuildFile; fileRef = 117D9280194B86E200FD6EDD /* AFURLRequestSerialization.m */; };
		117D9293194B86E200FD6EDD /* AFURLResponseSerialization.m in Sources */ = {isa = PBXBuildFile; fileRef = 117D9282194B86E200FD6EDD /* AFURLResponseSerialization.m */; };
		117D9294194B86E200FD6EDD /* AFURLResponseSerialization.m in Sources */ = {isa = PBXBuildFile; fileRef = 117D9282194B86E200FD6EDD /* AFURLResponseSerialization.m */; };
		117D9295194B86E200FD6EDD /* AFURLSessionManager.m in Sources */ = {isa = PBXBuildFile; fileRef = 117D9284194B86E200FD6EDD /* AFURLSessionManager.m */; };
		117D9296194B86E200FD6EDD /* AFURLSessionManager.m in Sources */ = {isa = PBXBuildFile; fileRef = 117D9284194B86E200FD6EDD /* AFURLSessionManager.m */; };
		117D92A9194B86E700FD6EDD /* AFNetworkActivityIndicatorManager.m in Sources */ = {isa = PBXBuildFile; fileRef = 117D9299194B86E700FD6EDD /* AFNetworkActivityIndicatorManager.m */; };
		117D92AA194B86E700FD6EDD /* AFNetworkActivityIndicatorManager.m in Sources */ = {isa = PBXBuildFile; fileRef = 117D9299194B86E700FD6EDD /* AFNetworkActivityIndicatorManager.m */; };
		117D92AB194B86E700FD6EDD /* UIActivityIndicatorView+AFNetworking.m in Sources */ = {isa = PBXBuildFile; fileRef = 117D929B194B86E700FD6EDD /* UIActivityIndicatorView+AFNetworking.m */; };
		117D92AC194B86E700FD6EDD /* UIActivityIndicatorView+AFNetworking.m in Sources */ = {isa = PBXBuildFile; fileRef = 117D929B194B86E700FD6EDD /* UIActivityIndicatorView+AFNetworking.m */; };
		117D92AD194B86E700FD6EDD /* UIAlertView+AFNetworking.m in Sources */ = {isa = PBXBuildFile; fileRef = 117D929D194B86E700FD6EDD /* UIAlertView+AFNetworking.m */; };
		117D92AE194B86E700FD6EDD /* UIAlertView+AFNetworking.m in Sources */ = {isa = PBXBuildFile; fileRef = 117D929D194B86E700FD6EDD /* UIAlertView+AFNetworking.m */; };
		117D92AF194B86E700FD6EDD /* UIButton+AFNetworking.m in Sources */ = {isa = PBXBuildFile; fileRef = 117D929F194B86E700FD6EDD /* UIButton+AFNetworking.m */; };
		117D92B0194B86E700FD6EDD /* UIButton+AFNetworking.m in Sources */ = {isa = PBXBuildFile; fileRef = 117D929F194B86E700FD6EDD /* UIButton+AFNetworking.m */; };
		117D92B1194B86E700FD6EDD /* UIImageView+AFNetworking.m in Sources */ = {isa = PBXBuildFile; fileRef = 117D92A1194B86E700FD6EDD /* UIImageView+AFNetworking.m */; };
		117D92B2194B86E700FD6EDD /* UIImageView+AFNetworking.m in Sources */ = {isa = PBXBuildFile; fileRef = 117D92A1194B86E700FD6EDD /* UIImageView+AFNetworking.m */; };
		117D92B3194B86E700FD6EDD /* UIProgressView+AFNetworking.m in Sources */ = {isa = PBXBuildFile; fileRef = 117D92A4194B86E700FD6EDD /* UIProgressView+AFNetworking.m */; };
		117D92B4194B86E700FD6EDD /* UIProgressView+AFNetworking.m in Sources */ = {isa = PBXBuildFile; fileRef = 117D92A4194B86E700FD6EDD /* UIProgressView+AFNetworking.m */; };
		117D92B5194B86E700FD6EDD /* UIRefreshControl+AFNetworking.m in Sources */ = {isa = PBXBuildFile; fileRef = 117D92A6194B86E700FD6EDD /* UIRefreshControl+AFNetworking.m */; };
		117D92B6194B86E700FD6EDD /* UIRefreshControl+AFNetworking.m in Sources */ = {isa = PBXBuildFile; fileRef = 117D92A6194B86E700FD6EDD /* UIRefreshControl+AFNetworking.m */; };
		117D92B7194B86E700FD6EDD /* UIWebView+AFNetworking.m in Sources */ = {isa = PBXBuildFile; fileRef = 117D92A8194B86E700FD6EDD /* UIWebView+AFNetworking.m */; };
		117D92B8194B86E700FD6EDD /* UIWebView+AFNetworking.m in Sources */ = {isa = PBXBuildFile; fileRef = 117D92A8194B86E700FD6EDD /* UIWebView+AFNetworking.m */; };
		11810B6A18C10DD800C5246C /* CoreGraphics.framework in Frameworks */ = {isa = PBXBuildFile; fileRef = 1114A7F7182D8B3300089669 /* CoreGraphics.framework */; };
		11810B6D18C1246100C5246C /* UserImage.png in Resources */ = {isa = PBXBuildFile; fileRef = 11810B6C18C1246100C5246C /* UserImage.png */; };
		11810B7218C937D000C5246C /* CVCircularProgressView.m in Sources */ = {isa = PBXBuildFile; fileRef = 11810B7118C937D000C5246C /* CVCircularProgressView.m */; };
		11810B7518C9386F00C5246C /* CVCircularProgressLayer.m in Sources */ = {isa = PBXBuildFile; fileRef = 11810B7418C9386F00C5246C /* CVCircularProgressLayer.m */; };
		11810B7918C9407F00C5246C /* CVCircleCounterView.m in Sources */ = {isa = PBXBuildFile; fileRef = 11810B7818C9407F00C5246C /* CVCircleCounterView.m */; };
		11810B7C18C9419100C5246C /* CVCircleDownCounter.m in Sources */ = {isa = PBXBuildFile; fileRef = 11810B7B18C9419100C5246C /* CVCircleDownCounter.m */; };
		11B68B6318E3BB0200AE9197 /* LocalContent_DB.sqlite in Resources */ = {isa = PBXBuildFile; fileRef = 11B68B6218E3BA8600AE9197 /* LocalContent_DB.sqlite */; };
		11B68B6518E53CDE00AE9197 /* AppIcon.png in Resources */ = {isa = PBXBuildFile; fileRef = 11B68B6418E53CDE00AE9197 /* AppIcon.png */; };
		11B755BE19708BA000410604 /* ApiErrorManager.m in Sources */ = {isa = PBXBuildFile; fileRef = 11B755BD19708BA000410604 /* ApiErrorManager.m */; };
		11B755BF19708BA000410604 /* ApiErrorManager.m in Sources */ = {isa = PBXBuildFile; fileRef = 11B755BD19708BA000410604 /* ApiErrorManager.m */; };
		11CAB42F18CA685E00FE05FD /* libsqlite3.dylib in Frameworks */ = {isa = PBXBuildFile; fileRef = 11CAB42E18CA685E00FE05FD /* libsqlite3.dylib */; };
		11CAB43018CA6C4600FE05FD /* SessionManager.m in Sources */ = {isa = PBXBuildFile; fileRef = 116EE31D18ADA07500C66D86 /* SessionManager.m */; };
		11CAB43318CA6C8E00FE05FD /* SQLiteAPI.m in Sources */ = {isa = PBXBuildFile; fileRef = 11CAB43218CA6C8E00FE05FD /* SQLiteAPI.m */; };
		11CAB43418CA6D0700FE05FD /* libsqlite3.dylib in Frameworks */ = {isa = PBXBuildFile; fileRef = 11CAB42E18CA685E00FE05FD /* libsqlite3.dylib */; };
		11CAB43718CA711C00FE05FD /* ApiContentDatabase.m in Sources */ = {isa = PBXBuildFile; fileRef = 11CAB43618CA711C00FE05FD /* ApiContentDatabase.m */; };
		11CAB43D18CA944900FE05FD /* LocalContent_DB_ori.sqlite in Resources */ = {isa = PBXBuildFile; fileRef = 11CAB43C18CA944900FE05FD /* LocalContent_DB_ori.sqlite */; };
		11CB8FC318B00B2900396418 /* SignInViewController.m in Sources */ = {isa = PBXBuildFile; fileRef = 11CB8FC218B00B2900396418 /* SignInViewController.m */; };
		11CB8FC818B00BB200396418 /* CoreFunctionViewController.m in Sources */ = {isa = PBXBuildFile; fileRef = 11CB8FC718B00BB200396418 /* CoreFunctionViewController.m */; };
		11CB8FCF18B0469000396418 /* ContentViewController.m in Sources */ = {isa = PBXBuildFile; fileRef = 11CB8FCE18B0469000396418 /* ContentViewController.m */; };
		11CB8FD218B046C400396418 /* HistoryViewController.m in Sources */ = {isa = PBXBuildFile; fileRef = 11CB8FD118B046C400396418 /* HistoryViewController.m */; };
		11CB8FD518B0473500396418 /* ProfileViewController.m in Sources */ = {isa = PBXBuildFile; fileRef = 11CB8FD418B0473500396418 /* ProfileViewController.m */; };
		11CB8FD818B0476A00396418 /* SettingsViewController.m in Sources */ = {isa = PBXBuildFile; fileRef = 11CB8FD718B0476A00396418 /* SettingsViewController.m */; };
		11CB8FDB18B049B700396418 /* ContentViewHelper.m in Sources */ = {isa = PBXBuildFile; fileRef = 11CB8FDA18B049B700396418 /* ContentViewHelper.m */; };
		11CB8FEB18B0886600396418 /* ApiContent.m in Sources */ = {isa = PBXBuildFile; fileRef = 11CB8FEA18B0886600396418 /* ApiContent.m */; };
		11D1B6F0183AB0690022AF62 /* ApiManagerUserSessionTests.m in Sources */ = {isa = PBXBuildFile; fileRef = 11D1B6EF183AB0690022AF62 /* ApiManagerUserSessionTests.m */; };
		11F269C6197848700051FA38 /* TestHelper.m in Sources */ = {isa = PBXBuildFile; fileRef = 11F269C5197848700051FA38 /* TestHelper.m */; };
		11FD6CED18B18C75007D318E /* ComposeViewController.m in Sources */ = {isa = PBXBuildFile; fileRef = 11FD6CEB18B18C75007D318E /* ComposeViewController.m */; };
		11FD6CF018B3DCB9007D318E /* ComposeViewHelper.m in Sources */ = {isa = PBXBuildFile; fileRef = 11FD6CEE18B3DCB9007D318E /* ComposeViewHelper.m */; };
/* End PBXBuildFile section */

/* Begin PBXContainerItemProxy section */
		1114A812182D8B3400089669 /* PBXContainerItemProxy */ = {
			isa = PBXContainerItemProxy;
			containerPortal = 1114A7EA182D8B3300089669 /* Project object */;
			proxyType = 1;
			remoteGlobalIDString = 1114A7F1182D8B3300089669;
			remoteInfo = WordOfMotuhEngine;
		};
/* End PBXContainerItemProxy section */

/* Begin PBXFileReference section */
		1107342B18BDBF8B008C941A /* AppUIAppearanceManager.h */ = {isa = PBXFileReference; fileEncoding = 4; lastKnownFileType = sourcecode.c.h; path = AppUIAppearanceManager.h; sourceTree = "<group>"; };
		1107342C18BDBF8B008C941A /* AppUIAppearanceManager.m */ = {isa = PBXFileReference; fileEncoding = 4; lastKnownFileType = sourcecode.c.objc; path = AppUIAppearanceManager.m; sourceTree = "<group>"; };
		1114A7F2182D8B3300089669 /* WordOfMouthEngine.app */ = {isa = PBXFileReference; explicitFileType = wrapper.application; includeInIndex = 0; path = WordOfMouthEngine.app; sourceTree = BUILT_PRODUCTS_DIR; };
		1114A7F5182D8B3300089669 /* Foundation.framework */ = {isa = PBXFileReference; lastKnownFileType = wrapper.framework; name = Foundation.framework; path = System/Library/Frameworks/Foundation.framework; sourceTree = SDKROOT; };
		1114A7F7182D8B3300089669 /* CoreGraphics.framework */ = {isa = PBXFileReference; lastKnownFileType = wrapper.framework; name = CoreGraphics.framework; path = System/Library/Frameworks/CoreGraphics.framework; sourceTree = SDKROOT; };
		1114A7F9182D8B3300089669 /* UIKit.framework */ = {isa = PBXFileReference; lastKnownFileType = wrapper.framework; name = UIKit.framework; path = System/Library/Frameworks/UIKit.framework; sourceTree = SDKROOT; };
		1114A7FD182D8B3300089669 /* WordOfMouthEngine-Info.plist */ = {isa = PBXFileReference; lastKnownFileType = text.plist.xml; path = "WordOfMouthEngine-Info.plist"; sourceTree = "<group>"; };
		1114A7FF182D8B3300089669 /* en */ = {isa = PBXFileReference; lastKnownFileType = text.plist.strings; name = en; path = en.lproj/InfoPlist.strings; sourceTree = "<group>"; };
		1114A801182D8B3300089669 /* main.m */ = {isa = PBXFileReference; lastKnownFileType = sourcecode.c.objc; path = main.m; sourceTree = "<group>"; };
		1114A803182D8B3300089669 /* WordOfMouthEngine-Prefix.pch */ = {isa = PBXFileReference; lastKnownFileType = sourcecode.c.h; path = "WordOfMouthEngine-Prefix.pch"; sourceTree = "<group>"; };
		1114A804182D8B3300089669 /* AppDelegate.h */ = {isa = PBXFileReference; lastKnownFileType = sourcecode.c.h; path = AppDelegate.h; sourceTree = "<group>"; };
		1114A805182D8B3300089669 /* AppDelegate.m */ = {isa = PBXFileReference; lastKnownFileType = sourcecode.c.objc; path = AppDelegate.m; sourceTree = "<group>"; };
		1114A807182D8B3300089669 /* Images.xcassets */ = {isa = PBXFileReference; lastKnownFileType = folder.assetcatalog; path = Images.xcassets; sourceTree = "<group>"; };
		1114A80D182D8B3400089669 /* WordOfMouthEngineTests.xctest */ = {isa = PBXFileReference; explicitFileType = wrapper.cfbundle; includeInIndex = 0; path = WordOfMouthEngineTests.xctest; sourceTree = BUILT_PRODUCTS_DIR; };
		1114A80E182D8B3400089669 /* XCTest.framework */ = {isa = PBXFileReference; lastKnownFileType = wrapper.framework; name = XCTest.framework; path = Library/Frameworks/XCTest.framework; sourceTree = DEVELOPER_DIR; };
		1114A816182D8B3400089669 /* WordOfMouthEngineTests-Info.plist */ = {isa = PBXFileReference; lastKnownFileType = text.plist.xml; path = "WordOfMouthEngineTests-Info.plist"; sourceTree = "<group>"; };
		1114A818182D8B3400089669 /* en */ = {isa = PBXFileReference; lastKnownFileType = text.plist.strings; name = en; path = en.lproj/InfoPlist.strings; sourceTree = "<group>"; };
		111B758118B7F4FD00B10716 /* TabBarIconContact.png */ = {isa = PBXFileReference; lastKnownFileType = image.png; path = TabBarIconContact.png; sourceTree = "<group>"; };
		111B758218B7F4FD00B10716 /* TabBarIconContact@2x.png */ = {isa = PBXFileReference; lastKnownFileType = image.png; path = "TabBarIconContact@2x.png"; sourceTree = "<group>"; };
		111B758318B7F4FD00B10716 /* TabBarIconFavorites.png */ = {isa = PBXFileReference; lastKnownFileType = image.png; path = TabBarIconFavorites.png; sourceTree = "<group>"; };
		111B758418B7F4FD00B10716 /* TabBarIconFavorites@2x.png */ = {isa = PBXFileReference; lastKnownFileType = image.png; path = "TabBarIconFavorites@2x.png"; sourceTree = "<group>"; };
		111B758518B7F4FD00B10716 /* TabBarIconNew.png */ = {isa = PBXFileReference; lastKnownFileType = image.png; path = TabBarIconNew.png; sourceTree = "<group>"; };
		111B758618B7F4FD00B10716 /* TabBarIconNew@2x.png */ = {isa = PBXFileReference; lastKnownFileType = image.png; path = "TabBarIconNew@2x.png"; sourceTree = "<group>"; };
		111C65A119777D530073D605 /* ApiUserResponse.h */ = {isa = PBXFileReference; fileEncoding = 4; lastKnownFileType = sourcecode.c.h; path = ApiUserResponse.h; sourceTree = "<group>"; };
		111C65A219777D530073D605 /* ApiUserResponse.m */ = {isa = PBXFileReference; fileEncoding = 4; lastKnownFileType = sourcecode.c.objc; path = ApiUserResponse.m; sourceTree = "<group>"; };
		111E596E182EC53F00B7FD49 /* ApiManager.h */ = {isa = PBXFileReference; fileEncoding = 4; lastKnownFileType = sourcecode.c.h; path = ApiManager.h; sourceTree = "<group>"; };
		111E596F182EC53F00B7FD49 /* ApiManager.m */ = {isa = PBXFileReference; fileEncoding = 4; lastKnownFileType = sourcecode.c.objc; lineEnding = 0; path = ApiManager.m; sourceTree = "<group>"; xcLanguageSpecificationIdentifier = xcode.lang.objc; };
		111E5973182ECA8F00B7FD49 /* DebugTestManager.h */ = {isa = PBXFileReference; fileEncoding = 4; lastKnownFileType = sourcecode.c.h; path = DebugTestManager.h; sourceTree = "<group>"; };
		111E5974182ECA8F00B7FD49 /* DebugTestManager.m */ = {isa = PBXFileReference; fileEncoding = 4; lastKnownFileType = sourcecode.c.objc; path = DebugTestManager.m; sourceTree = "<group>"; };
		111E597B18309A6700B7FD49 /* ApiUser.h */ = {isa = PBXFileReference; fileEncoding = 4; lastKnownFileType = sourcecode.c.h; path = ApiUser.h; sourceTree = "<group>"; };
		111E597C18309A6700B7FD49 /* ApiUser.m */ = {isa = PBXFileReference; fileEncoding = 4; lastKnownFileType = sourcecode.c.objc; path = ApiUser.m; sourceTree = "<group>"; };
		1127D62F197744B1004BA5B8 /* ApiManagerContentTests.m */ = {isa = PBXFileReference; fileEncoding = 4; lastKnownFileType = sourcecode.c.objc; path = ApiManagerContentTests.m; sourceTree = "<group>"; };
		1131DA6518B5584300EFDB34 /* SignInViewHelper.m */ = {isa = PBXFileReference; fileEncoding = 4; lastKnownFileType = sourcecode.c.objc; path = SignInViewHelper.m; sourceTree = "<group>"; };
		1131DA6618B5584300EFDB34 /* SignInViewHelper.h */ = {isa = PBXFileReference; fileEncoding = 4; lastKnownFileType = sourcecode.c.h; path = SignInViewHelper.h; sourceTree = "<group>"; };
		1131DA6918B55AFE00EFDB34 /* SocialSignin_Google.png */ = {isa = PBXFileReference; lastKnownFileType = image.png; path = SocialSignin_Google.png; sourceTree = "<group>"; };
		1131DA6A18B55AFE00EFDB34 /* SocialSignin_Facebook.png */ = {isa = PBXFileReference; lastKnownFileType = image.png; path = SocialSignin_Facebook.png; sourceTree = "<group>"; };
		1131DA6D18B55B0700EFDB34 /* SocialSignin_Twitter.png */ = {isa = PBXFileReference; lastKnownFileType = image.png; path = SocialSignin_Twitter.png; sourceTree = "<group>"; };
		1131DA6F18B55B1300EFDB34 /* SocialSignin_Email.png */ = {isa = PBXFileReference; lastKnownFileType = image.png; path = SocialSignin_Email.png; sourceTree = "<group>"; };
		1131DA7218B5657C00EFDB34 /* WomSignInViewController.m */ = {isa = PBXFileReference; fileEncoding = 4; lastKnownFileType = sourcecode.c.objc; lineEnding = 0; path = WomSignInViewController.m; sourceTree = "<group>"; xcLanguageSpecificationIdentifier = xcode.lang.objc; };
		1131DA7318B5657C00EFDB34 /* WomSignInViewHelper.m */ = {isa = PBXFileReference; fileEncoding = 4; lastKnownFileType = sourcecode.c.objc; lineEnding = 0; path = WomSignInViewHelper.m; sourceTree = "<group>"; xcLanguageSpecificationIdentifier = xcode.lang.objc; };
		1131DA7418B5657C00EFDB34 /* WomSignInViewHelper.h */ = {isa = PBXFileReference; fileEncoding = 4; lastKnownFileType = sourcecode.c.h; lineEnding = 0; path = WomSignInViewHelper.h; sourceTree = "<group>"; xcLanguageSpecificationIdentifier = xcode.lang.objcpp; };
		1131DA7518B5657C00EFDB34 /* WomSignInViewController.h */ = {isa = PBXFileReference; fileEncoding = 4; lastKnownFileType = sourcecode.c.h; path = WomSignInViewController.h; sourceTree = "<group>"; };
		1139704619778CD9001EFF9C /* ApiRequestHelperTests.m */ = {isa = PBXFileReference; fileEncoding = 4; lastKnownFileType = sourcecode.c.objc; path = ApiRequestHelperTests.m; sourceTree = "<group>"; };
		115F1B9C197492D9002262F5 /* ApiRequestHelper.h */ = {isa = PBXFileReference; fileEncoding = 4; lastKnownFileType = sourcecode.c.h; path = ApiRequestHelper.h; sourceTree = "<group>"; };
		115F1B9D197492D9002262F5 /* ApiRequestHelper.m */ = {isa = PBXFileReference; fileEncoding = 4; lastKnownFileType = sourcecode.c.objc; path = ApiRequestHelper.m; sourceTree = "<group>"; };
		1166AD781974BEBA0010BFEA /* ApiContentManager.h */ = {isa = PBXFileReference; fileEncoding = 4; lastKnownFileType = sourcecode.c.h; path = ApiContentManager.h; sourceTree = "<group>"; };
		1166AD791974BEBA0010BFEA /* ApiContentManager.m */ = {isa = PBXFileReference; fileEncoding = 4; lastKnownFileType = sourcecode.c.objc; path = ApiContentManager.m; sourceTree = "<group>"; };
		1166AD7C19759ED30010BFEA /* ApiValidationManager.h */ = {isa = PBXFileReference; fileEncoding = 4; lastKnownFileType = sourcecode.c.h; path = ApiValidationManager.h; sourceTree = "<group>"; };
		1166AD7D19759ED30010BFEA /* ApiValidationManager.m */ = {isa = PBXFileReference; fileEncoding = 4; lastKnownFileType = sourcecode.c.objc; path = ApiValidationManager.m; sourceTree = "<group>"; };
		1166AD801975AD4C0010BFEA /* ApiValidationManagerTests.m */ = {isa = PBXFileReference; fileEncoding = 4; lastKnownFileType = sourcecode.c.objc; path = ApiValidationManagerTests.m; sourceTree = "<group>"; };
		1166AD821975D79C0010BFEA /* ApiManagerValidationTests.m */ = {isa = PBXFileReference; fileEncoding = 4; lastKnownFileType = sourcecode.c.objc; path = ApiManagerValidationTests.m; sourceTree = "<group>"; };
		1166AD841975D85F0010BFEA /* AsynTextHelper.h */ = {isa = PBXFileReference; lastKnownFileType = sourcecode.c.h; path = AsynTextHelper.h; sourceTree = "<group>"; };
		1166AD851975EC640010BFEA /* WomSignUpViewController.h */ = {isa = PBXFileReference; fileEncoding = 4; lastKnownFileType = sourcecode.c.h; path = WomSignUpViewController.h; sourceTree = "<group>"; };
		1166AD861975EC640010BFEA /* WomSignUpViewController.m */ = {isa = PBXFileReference; fileEncoding = 4; lastKnownFileType = sourcecode.c.objc; path = WomSignUpViewController.m; sourceTree = "<group>"; };
		1166AD891975ECDB0010BFEA /* WomSignUpViewHelper.h */ = {isa = PBXFileReference; fileEncoding = 4; lastKnownFileType = sourcecode.c.h; path = WomSignUpViewHelper.h; sourceTree = "<group>"; };
		1166AD8A1975ECDB0010BFEA /* WomSignUpViewHelper.m */ = {isa = PBXFileReference; fileEncoding = 4; lastKnownFileType = sourcecode.c.objc; path = WomSignUpViewHelper.m; sourceTree = "<group>"; };
		1166AD8E1976F5C90010BFEA /* PlaceHolderFactory.h */ = {isa = PBXFileReference; fileEncoding = 4; lastKnownFileType = sourcecode.c.h; path = PlaceHolderFactory.h; sourceTree = "<group>"; };
		1166AD8F1976F5C90010BFEA /* PlaceHolderFactory.m */ = {isa = PBXFileReference; fileEncoding = 4; lastKnownFileType = sourcecode.c.objc; path = PlaceHolderFactory.m; sourceTree = "<group>"; };
		116D500318E38FA200579F37 /* AppConstants.h */ = {isa = PBXFileReference; fileEncoding = 4; lastKnownFileType = sourcecode.c.h; path = AppConstants.h; sourceTree = "<group>"; };
		116D500418E3997A00579F37 /* LocalContent_FZ_DB.sqlite */ = {isa = PBXFileReference; lastKnownFileType = file; path = LocalContent_FZ_DB.sqlite; sourceTree = "<group>"; };
		116EE31C18ADA07500C66D86 /* SessionManager.h */ = {isa = PBXFileReference; fileEncoding = 4; lastKnownFileType = sourcecode.c.h; path = SessionManager.h; sourceTree = "<group>"; };
		116EE31D18ADA07500C66D86 /* SessionManager.m */ = {isa = PBXFileReference; fileEncoding = 4; lastKnownFileType = sourcecode.c.objc; lineEnding = 0; path = SessionManager.m; sourceTree = "<group>"; xcLanguageSpecificationIdentifier = xcode.lang.objc; };
		116EE31F18ADA08D00C66D86 /* ContentManager.h */ = {isa = PBXFileReference; fileEncoding = 4; lastKnownFileType = sourcecode.c.h; path = ContentManager.h; sourceTree = "<group>"; };
		116EE32018ADA08D00C66D86 /* ContentManager.m */ = {isa = PBXFileReference; fileEncoding = 4; lastKnownFileType = sourcecode.c.objc; path = ContentManager.m; sourceTree = "<group>"; };
		116EE32518ADA0E100C66D86 /* AppUIManager.h */ = {isa = PBXFileReference; fileEncoding = 4; lastKnownFileType = sourcecode.c.h; lineEnding = 0; path = AppUIManager.h; sourceTree = "<group>"; xcLanguageSpecificationIdentifier = xcode.lang.objcpp; };
		116EE32618ADA0E100C66D86 /* AppUIManager.m */ = {isa = PBXFileReference; fileEncoding = 4; lastKnownFileType = sourcecode.c.objc; lineEnding = 0; path = AppUIManager.m; sourceTree = "<group>"; xcLanguageSpecificationIdentifier = xcode.lang.objc; };
		116EE32818ADA0F800C66D86 /* AppGraphicsManager.h */ = {isa = PBXFileReference; fileEncoding = 4; lastKnownFileType = sourcecode.c.h; path = AppGraphicsManager.h; sourceTree = "<group>"; };
		116EE32918ADA0F800C66D86 /* AppGraphicsManager.m */ = {isa = PBXFileReference; fileEncoding = 4; lastKnownFileType = sourcecode.c.objc; path = AppGraphicsManager.m; sourceTree = "<group>"; };
		116EE32B18ADA10B00C66D86 /* AppAudioManager.h */ = {isa = PBXFileReference; fileEncoding = 4; lastKnownFileType = sourcecode.c.h; path = AppAudioManager.h; sourceTree = "<group>"; };
		116EE32C18ADA10B00C66D86 /* AppAudioManager.m */ = {isa = PBXFileReference; fileEncoding = 4; lastKnownFileType = sourcecode.c.objc; path = AppAudioManager.m; sourceTree = "<group>"; };
		116EE32E18ADA1AC00C66D86 /* AppAnimationManager.h */ = {isa = PBXFileReference; fileEncoding = 4; lastKnownFileType = sourcecode.c.h; path = AppAnimationManager.h; sourceTree = "<group>"; };
		116EE32F18ADA1AC00C66D86 /* AppAnimationManager.m */ = {isa = PBXFileReference; fileEncoding = 4; lastKnownFileType = sourcecode.c.objc; path = AppAnimationManager.m; sourceTree = "<group>"; };
		116EE33118ADB58500C66D86 /* CommonResourceDefintions.h */ = {isa = PBXFileReference; fileEncoding = 4; lastKnownFileType = sourcecode.c.h; path = CommonResourceDefintions.h; sourceTree = "<group>"; };
		116EE33218ADB58500C66D86 /* CommonUtility.h */ = {isa = PBXFileReference; fileEncoding = 4; lastKnownFileType = sourcecode.c.h; lineEnding = 0; path = CommonUtility.h; sourceTree = "<group>"; xcLanguageSpecificationIdentifier = xcode.lang.objcpp; };
		116EE33318ADB58500C66D86 /* CommonUtility.m */ = {isa = PBXFileReference; fileEncoding = 4; lastKnownFileType = sourcecode.c.objc; lineEnding = 0; path = CommonUtility.m; sourceTree = "<group>"; xcLanguageSpecificationIdentifier = xcode.lang.objc; };
		116EE33418ADB58500C66D86 /* CoreSizeDefintions.h */ = {isa = PBXFileReference; fileEncoding = 4; lastKnownFileType = sourcecode.c.h; path = CoreSizeDefintions.h; sourceTree = "<group>"; };
		116EE33518ADB58500C66D86 /* LocalMacros.h */ = {isa = PBXFileReference; fileEncoding = 4; lastKnownFileType = sourcecode.c.h; path = LocalMacros.h; sourceTree = "<group>"; };
		1170EB00196B83A600802D4D /* ApiUserDatabaseTests.m */ = {isa = PBXFileReference; fileEncoding = 4; lastKnownFileType = sourcecode.c.objc; path = ApiUserDatabaseTests.m; sourceTree = "<group>"; };
		1170EB03196C70B700802D4D /* ApiUserManagerTests.m */ = {isa = PBXFileReference; fileEncoding = 4; lastKnownFileType = sourcecode.c.objc; path = ApiUserManagerTests.m; sourceTree = "<group>"; };
		1170EB08196DCAF600802D4D /* JSONResponseSerializerWithData.h */ = {isa = PBXFileReference; fileEncoding = 4; lastKnownFileType = sourcecode.c.h; path = JSONResponseSerializerWithData.h; sourceTree = "<group>"; };
		1170EB09196DCAF600802D4D /* JSONResponseSerializerWithData.m */ = {isa = PBXFileReference; fileEncoding = 4; lastKnownFileType = sourcecode.c.objc; lineEnding = 0; path = JSONResponseSerializerWithData.m; sourceTree = "<group>"; xcLanguageSpecificationIdentifier = xcode.lang.objc; };
		1171CABD196917DF00B40A0E /* ApiUserManager.h */ = {isa = PBXFileReference; fileEncoding = 4; lastKnownFileType = sourcecode.c.h; path = ApiUserManager.h; sourceTree = "<group>"; };
		1171CABE196917DF00B40A0E /* ApiUserManager.m */ = {isa = PBXFileReference; fileEncoding = 4; lastKnownFileType = sourcecode.c.objc; lineEnding = 0; path = ApiUserManager.m; sourceTree = "<group>"; xcLanguageSpecificationIdentifier = xcode.lang.objc; };
		1171CAC01969E30400B40A0E /* ApiUserDatabase.m */ = {isa = PBXFileReference; fileEncoding = 4; lastKnownFileType = sourcecode.c.objc; lineEnding = 0; path = ApiUserDatabase.m; sourceTree = "<group>"; xcLanguageSpecificationIdentifier = xcode.lang.objc; };
		1171CAC11969E30500B40A0E /* ApiUserDatabase.h */ = {isa = PBXFileReference; fileEncoding = 4; lastKnownFileType = sourcecode.c.h; path = ApiUserDatabase.h; sourceTree = "<group>"; };
		11720F4F18B6A83500124C9F /* ProfileViewHelper.m */ = {isa = PBXFileReference; fileEncoding = 4; lastKnownFileType = sourcecode.c.objc; path = ProfileViewHelper.m; sourceTree = "<group>"; };
		11720F5018B6A83500124C9F /* ProfileViewHelper.h */ = {isa = PBXFileReference; fileEncoding = 4; lastKnownFileType = sourcecode.c.h; path = ProfileViewHelper.h; sourceTree = "<group>"; };
		117D9272194B86E100FD6EDD /* AFHTTPRequestOperation.h */ = {isa = PBXFileReference; fileEncoding = 4; lastKnownFileType = sourcecode.c.h; path = AFHTTPRequestOperation.h; sourceTree = "<group>"; };
		117D9273194B86E100FD6EDD /* AFHTTPRequestOperation.m */ = {isa = PBXFileReference; fileEncoding = 4; lastKnownFileType = sourcecode.c.objc; lineEnding = 0; path = AFHTTPRequestOperation.m; sourceTree = "<group>"; xcLanguageSpecificationIdentifier = xcode.lang.objc; };
		117D9274194B86E100FD6EDD /* AFHTTPRequestOperationManager.h */ = {isa = PBXFileReference; fileEncoding = 4; lastKnownFileType = sourcecode.c.h; lineEnding = 0; path = AFHTTPRequestOperationManager.h; sourceTree = "<group>"; xcLanguageSpecificationIdentifier = xcode.lang.objcpp; };
		117D9275194B86E100FD6EDD /* AFHTTPRequestOperationManager.m */ = {isa = PBXFileReference; fileEncoding = 4; lastKnownFileType = sourcecode.c.objc; lineEnding = 0; path = AFHTTPRequestOperationManager.m; sourceTree = "<group>"; xcLanguageSpecificationIdentifier = xcode.lang.objc; };
		117D9276194B86E100FD6EDD /* AFHTTPSessionManager.h */ = {isa = PBXFileReference; fileEncoding = 4; lastKnownFileType = sourcecode.c.h; lineEnding = 0; path = AFHTTPSessionManager.h; sourceTree = "<group>"; xcLanguageSpecificationIdentifier = xcode.lang.objcpp; };
		117D9277194B86E100FD6EDD /* AFHTTPSessionManager.m */ = {isa = PBXFileReference; fileEncoding = 4; lastKnownFileType = sourcecode.c.objc; lineEnding = 0; path = AFHTTPSessionManager.m; sourceTree = "<group>"; xcLanguageSpecificationIdentifier = xcode.lang.objc; };
		117D9278194B86E100FD6EDD /* AFNetworking.h */ = {isa = PBXFileReference; fileEncoding = 4; lastKnownFileType = sourcecode.c.h; path = AFNetworking.h; sourceTree = "<group>"; };
		117D9279194B86E100FD6EDD /* AFNetworkReachabilityManager.h */ = {isa = PBXFileReference; fileEncoding = 4; lastKnownFileType = sourcecode.c.h; lineEnding = 0; path = AFNetworkReachabilityManager.h; sourceTree = "<group>"; xcLanguageSpecificationIdentifier = xcode.lang.objcpp; };
		117D927A194B86E100FD6EDD /* AFNetworkReachabilityManager.m */ = {isa = PBXFileReference; fileEncoding = 4; lastKnownFileType = sourcecode.c.objc; lineEnding = 0; path = AFNetworkReachabilityManager.m; sourceTree = "<group>"; xcLanguageSpecificationIdentifier = xcode.lang.objc; };
		117D927B194B86E100FD6EDD /* AFSecurityPolicy.h */ = {isa = PBXFileReference; fileEncoding = 4; lastKnownFileType = sourcecode.c.h; lineEnding = 0; path = AFSecurityPolicy.h; sourceTree = "<group>"; xcLanguageSpecificationIdentifier = xcode.lang.objcpp; };
		117D927C194B86E100FD6EDD /* AFSecurityPolicy.m */ = {isa = PBXFileReference; fileEncoding = 4; lastKnownFileType = sourcecode.c.objc; lineEnding = 0; path = AFSecurityPolicy.m; sourceTree = "<group>"; xcLanguageSpecificationIdentifier = xcode.lang.objc; };
		117D927D194B86E100FD6EDD /* AFURLConnectionOperation.h */ = {isa = PBXFileReference; fileEncoding = 4; lastKnownFileType = sourcecode.c.h; lineEnding = 0; path = AFURLConnectionOperation.h; sourceTree = "<group>"; xcLanguageSpecificationIdentifier = xcode.lang.objcpp; };
		117D927E194B86E200FD6EDD /* AFURLConnectionOperation.m */ = {isa = PBXFileReference; fileEncoding = 4; lastKnownFileType = sourcecode.c.objc; lineEnding = 0; path = AFURLConnectionOperation.m; sourceTree = "<group>"; xcLanguageSpecificationIdentifier = xcode.lang.objc; };
		117D927F194B86E200FD6EDD /* AFURLRequestSerialization.h */ = {isa = PBXFileReference; fileEncoding = 4; lastKnownFileType = sourcecode.c.h; lineEnding = 0; path = AFURLRequestSerialization.h; sourceTree = "<group>"; xcLanguageSpecificationIdentifier = xcode.lang.objcpp; };
		117D9280194B86E200FD6EDD /* AFURLRequestSerialization.m */ = {isa = PBXFileReference; fileEncoding = 4; lastKnownFileType = sourcecode.c.objc; lineEnding = 0; path = AFURLRequestSerialization.m; sourceTree = "<group>"; xcLanguageSpecificationIdentifier = xcode.lang.objc; };
		117D9281194B86E200FD6EDD /* AFURLResponseSerialization.h */ = {isa = PBXFileReference; fileEncoding = 4; lastKnownFileType = sourcecode.c.h; lineEnding = 0; path = AFURLResponseSerialization.h; sourceTree = "<group>"; xcLanguageSpecificationIdentifier = xcode.lang.objcpp; };
		117D9282194B86E200FD6EDD /* AFURLResponseSerialization.m */ = {isa = PBXFileReference; fileEncoding = 4; lastKnownFileType = sourcecode.c.objc; lineEnding = 0; path = AFURLResponseSerialization.m; sourceTree = "<group>"; xcLanguageSpecificationIdentifier = xcode.lang.objc; };
		117D9283194B86E200FD6EDD /* AFURLSessionManager.h */ = {isa = PBXFileReference; fileEncoding = 4; lastKnownFileType = sourcecode.c.h; lineEnding = 0; path = AFURLSessionManager.h; sourceTree = "<group>"; xcLanguageSpecificationIdentifier = xcode.lang.objcpp; };
		117D9284194B86E200FD6EDD /* AFURLSessionManager.m */ = {isa = PBXFileReference; fileEncoding = 4; lastKnownFileType = sourcecode.c.objc; lineEnding = 0; path = AFURLSessionManager.m; sourceTree = "<group>"; xcLanguageSpecificationIdentifier = xcode.lang.objc; };
		117D9298194B86E700FD6EDD /* AFNetworkActivityIndicatorManager.h */ = {isa = PBXFileReference; fileEncoding = 4; lastKnownFileType = sourcecode.c.h; lineEnding = 0; path = AFNetworkActivityIndicatorManager.h; sourceTree = "<group>"; xcLanguageSpecificationIdentifier = xcode.lang.objcpp; };
		117D9299194B86E700FD6EDD /* AFNetworkActivityIndicatorManager.m */ = {isa = PBXFileReference; fileEncoding = 4; lastKnownFileType = sourcecode.c.objc; lineEnding = 0; path = AFNetworkActivityIndicatorManager.m; sourceTree = "<group>"; xcLanguageSpecificationIdentifier = xcode.lang.objc; };
		117D929A194B86E700FD6EDD /* UIActivityIndicatorView+AFNetworking.h */ = {isa = PBXFileReference; fileEncoding = 4; lastKnownFileType = sourcecode.c.h; path = "UIActivityIndicatorView+AFNetworking.h"; sourceTree = "<group>"; };
		117D929B194B86E700FD6EDD /* UIActivityIndicatorView+AFNetworking.m */ = {isa = PBXFileReference; fileEncoding = 4; lastKnownFileType = sourcecode.c.objc; path = "UIActivityIndicatorView+AFNetworking.m"; sourceTree = "<group>"; };
		117D929C194B86E700FD6EDD /* UIAlertView+AFNetworking.h */ = {isa = PBXFileReference; fileEncoding = 4; lastKnownFileType = sourcecode.c.h; lineEnding = 0; path = "UIAlertView+AFNetworking.h"; sourceTree = "<group>"; xcLanguageSpecificationIdentifier = xcode.lang.objcpp; };
		117D929D194B86E700FD6EDD /* UIAlertView+AFNetworking.m */ = {isa = PBXFileReference; fileEncoding = 4; lastKnownFileType = sourcecode.c.objc; lineEnding = 0; path = "UIAlertView+AFNetworking.m"; sourceTree = "<group>"; xcLanguageSpecificationIdentifier = xcode.lang.objc; };
		117D929E194B86E700FD6EDD /* UIButton+AFNetworking.h */ = {isa = PBXFileReference; fileEncoding = 4; lastKnownFileType = sourcecode.c.h; path = "UIButton+AFNetworking.h"; sourceTree = "<group>"; };
		117D929F194B86E700FD6EDD /* UIButton+AFNetworking.m */ = {isa = PBXFileReference; fileEncoding = 4; lastKnownFileType = sourcecode.c.objc; path = "UIButton+AFNetworking.m"; sourceTree = "<group>"; };
		117D92A0194B86E700FD6EDD /* UIImageView+AFNetworking.h */ = {isa = PBXFileReference; fileEncoding = 4; lastKnownFileType = sourcecode.c.h; path = "UIImageView+AFNetworking.h"; sourceTree = "<group>"; };
		117D92A1194B86E700FD6EDD /* UIImageView+AFNetworking.m */ = {isa = PBXFileReference; fileEncoding = 4; lastKnownFileType = sourcecode.c.objc; path = "UIImageView+AFNetworking.m"; sourceTree = "<group>"; };
		117D92A2194B86E700FD6EDD /* UIKit+AFNetworking.h */ = {isa = PBXFileReference; fileEncoding = 4; lastKnownFileType = sourcecode.c.h; path = "UIKit+AFNetworking.h"; sourceTree = "<group>"; };
		117D92A3194B86E700FD6EDD /* UIProgressView+AFNetworking.h */ = {isa = PBXFileReference; fileEncoding = 4; lastKnownFileType = sourcecode.c.h; path = "UIProgressView+AFNetworking.h"; sourceTree = "<group>"; };
		117D92A4194B86E700FD6EDD /* UIProgressView+AFNetworking.m */ = {isa = PBXFileReference; fileEncoding = 4; lastKnownFileType = sourcecode.c.objc; lineEnding = 0; path = "UIProgressView+AFNetworking.m"; sourceTree = "<group>"; xcLanguageSpecificationIdentifier = xcode.lang.objc; };
		117D92A5194B86E700FD6EDD /* UIRefreshControl+AFNetworking.h */ = {isa = PBXFileReference; fileEncoding = 4; lastKnownFileType = sourcecode.c.h; path = "UIRefreshControl+AFNetworking.h"; sourceTree = "<group>"; };
		117D92A6194B86E700FD6EDD /* UIRefreshControl+AFNetworking.m */ = {isa = PBXFileReference; fileEncoding = 4; lastKnownFileType = sourcecode.c.objc; path = "UIRefreshControl+AFNetworking.m"; sourceTree = "<group>"; };
		117D92A7194B86E700FD6EDD /* UIWebView+AFNetworking.h */ = {isa = PBXFileReference; fileEncoding = 4; lastKnownFileType = sourcecode.c.h; path = "UIWebView+AFNetworking.h"; sourceTree = "<group>"; };
		117D92A8194B86E700FD6EDD /* UIWebView+AFNetworking.m */ = {isa = PBXFileReference; fileEncoding = 4; lastKnownFileType = sourcecode.c.objc; path = "UIWebView+AFNetworking.m"; sourceTree = "<group>"; };
		11810B6C18C1246100C5246C /* UserImage.png */ = {isa = PBXFileReference; lastKnownFileType = image.png; path = UserImage.png; sourceTree = "<group>"; };
		11810B7018C937D000C5246C /* CVCircularProgressView.h */ = {isa = PBXFileReference; fileEncoding = 4; lastKnownFileType = sourcecode.c.h; path = CVCircularProgressView.h; sourceTree = "<group>"; };
		11810B7118C937D000C5246C /* CVCircularProgressView.m */ = {isa = PBXFileReference; fileEncoding = 4; lastKnownFileType = sourcecode.c.objc; lineEnding = 0; path = CVCircularProgressView.m; sourceTree = "<group>"; xcLanguageSpecificationIdentifier = xcode.lang.objc; };
		11810B7318C9386F00C5246C /* CVCircularProgressLayer.h */ = {isa = PBXFileReference; fileEncoding = 4; lastKnownFileType = sourcecode.c.h; path = CVCircularProgressLayer.h; sourceTree = "<group>"; };
		11810B7418C9386F00C5246C /* CVCircularProgressLayer.m */ = {isa = PBXFileReference; fileEncoding = 4; lastKnownFileType = sourcecode.c.objc; path = CVCircularProgressLayer.m; sourceTree = "<group>"; };
		11810B7718C9407F00C5246C /* CVCircleCounterView.h */ = {isa = PBXFileReference; fileEncoding = 4; lastKnownFileType = sourcecode.c.h; lineEnding = 0; path = CVCircleCounterView.h; sourceTree = "<group>"; xcLanguageSpecificationIdentifier = xcode.lang.objcpp; };
		11810B7818C9407F00C5246C /* CVCircleCounterView.m */ = {isa = PBXFileReference; fileEncoding = 4; lastKnownFileType = sourcecode.c.objc; lineEnding = 0; path = CVCircleCounterView.m; sourceTree = "<group>"; xcLanguageSpecificationIdentifier = xcode.lang.objc; };
		11810B7A18C9419100C5246C /* CVCircleDownCounter.h */ = {isa = PBXFileReference; fileEncoding = 4; lastKnownFileType = sourcecode.c.h; path = CVCircleDownCounter.h; sourceTree = "<group>"; };
		11810B7B18C9419100C5246C /* CVCircleDownCounter.m */ = {isa = PBXFileReference; fileEncoding = 4; lastKnownFileType = sourcecode.c.objc; path = CVCircleDownCounter.m; sourceTree = "<group>"; };
		11B68B6218E3BA8600AE9197 /* LocalContent_DB.sqlite */ = {isa = PBXFileReference; lastKnownFileType = file; path = LocalContent_DB.sqlite; sourceTree = "<group>"; };
		11B68B6418E53CDE00AE9197 /* AppIcon.png */ = {isa = PBXFileReference; lastKnownFileType = image.png; path = AppIcon.png; sourceTree = "<group>"; };
		11B755BC19708BA000410604 /* ApiErrorManager.h */ = {isa = PBXFileReference; fileEncoding = 4; lastKnownFileType = sourcecode.c.h; path = ApiErrorManager.h; sourceTree = "<group>"; };
		11B755BD19708BA000410604 /* ApiErrorManager.m */ = {isa = PBXFileReference; fileEncoding = 4; lastKnownFileType = sourcecode.c.objc; path = ApiErrorManager.m; sourceTree = "<group>"; };
		11CAB42E18CA685E00FE05FD /* libsqlite3.dylib */ = {isa = PBXFileReference; lastKnownFileType = "compiled.mach-o.dylib"; name = libsqlite3.dylib; path = usr/lib/libsqlite3.dylib; sourceTree = SDKROOT; };
		11CAB43118CA6C8E00FE05FD /* SQLiteAPI.h */ = {isa = PBXFileReference; fileEncoding = 4; lastKnownFileType = sourcecode.c.h; lineEnding = 0; path = SQLiteAPI.h; sourceTree = "<group>"; xcLanguageSpecificationIdentifier = xcode.lang.objcpp; };
		11CAB43218CA6C8E00FE05FD /* SQLiteAPI.m */ = {isa = PBXFileReference; fileEncoding = 4; lastKnownFileType = sourcecode.c.objc; lineEnding = 0; path = SQLiteAPI.m; sourceTree = "<group>"; xcLanguageSpecificationIdentifier = xcode.lang.objc; };
		11CAB43518CA711C00FE05FD /* ApiContentDatabase.h */ = {isa = PBXFileReference; fileEncoding = 4; lastKnownFileType = sourcecode.c.h; path = ApiContentDatabase.h; sourceTree = "<group>"; };
		11CAB43618CA711C00FE05FD /* ApiContentDatabase.m */ = {isa = PBXFileReference; fileEncoding = 4; lastKnownFileType = sourcecode.c.objc; lineEnding = 0; path = ApiContentDatabase.m; sourceTree = "<group>"; xcLanguageSpecificationIdentifier = xcode.lang.objc; };
		11CAB43C18CA944900FE05FD /* LocalContent_DB_ori.sqlite */ = {isa = PBXFileReference; lastKnownFileType = file; path = LocalContent_DB_ori.sqlite; sourceTree = "<group>"; };
		11CB8FC118B00B2900396418 /* SignInViewController.h */ = {isa = PBXFileReference; fileEncoding = 4; lastKnownFileType = sourcecode.c.h; path = SignInViewController.h; sourceTree = "<group>"; };
		11CB8FC218B00B2900396418 /* SignInViewController.m */ = {isa = PBXFileReference; fileEncoding = 4; lastKnownFileType = sourcecode.c.objc; lineEnding = 0; path = SignInViewController.m; sourceTree = "<group>"; xcLanguageSpecificationIdentifier = xcode.lang.objc; };
		11CB8FC618B00BB200396418 /* CoreFunctionViewController.h */ = {isa = PBXFileReference; fileEncoding = 4; lastKnownFileType = sourcecode.c.h; path = CoreFunctionViewController.h; sourceTree = "<group>"; };
		11CB8FC718B00BB200396418 /* CoreFunctionViewController.m */ = {isa = PBXFileReference; fileEncoding = 4; lastKnownFileType = sourcecode.c.objc; path = CoreFunctionViewController.m; sourceTree = "<group>"; };
		11CB8FCD18B0469000396418 /* ContentViewController.h */ = {isa = PBXFileReference; fileEncoding = 4; lastKnownFileType = sourcecode.c.h; path = ContentViewController.h; sourceTree = "<group>"; };
		11CB8FCE18B0469000396418 /* ContentViewController.m */ = {isa = PBXFileReference; fileEncoding = 4; lastKnownFileType = sourcecode.c.objc; path = ContentViewController.m; sourceTree = "<group>"; };
		11CB8FD018B046C400396418 /* HistoryViewController.h */ = {isa = PBXFileReference; fileEncoding = 4; lastKnownFileType = sourcecode.c.h; path = HistoryViewController.h; sourceTree = "<group>"; };
		11CB8FD118B046C400396418 /* HistoryViewController.m */ = {isa = PBXFileReference; fileEncoding = 4; lastKnownFileType = sourcecode.c.objc; lineEnding = 0; path = HistoryViewController.m; sourceTree = "<group>"; xcLanguageSpecificationIdentifier = xcode.lang.objc; };
		11CB8FD318B0473500396418 /* ProfileViewController.h */ = {isa = PBXFileReference; fileEncoding = 4; lastKnownFileType = sourcecode.c.h; path = ProfileViewController.h; sourceTree = "<group>"; };
		11CB8FD418B0473500396418 /* ProfileViewController.m */ = {isa = PBXFileReference; fileEncoding = 4; lastKnownFileType = sourcecode.c.objc; lineEnding = 0; path = ProfileViewController.m; sourceTree = "<group>"; xcLanguageSpecificationIdentifier = xcode.lang.objc; };
		11CB8FD618B0476A00396418 /* SettingsViewController.h */ = {isa = PBXFileReference; fileEncoding = 4; lastKnownFileType = sourcecode.c.h; path = SettingsViewController.h; sourceTree = "<group>"; };
		11CB8FD718B0476A00396418 /* SettingsViewController.m */ = {isa = PBXFileReference; fileEncoding = 4; lastKnownFileType = sourcecode.c.objc; lineEnding = 0; path = SettingsViewController.m; sourceTree = "<group>"; xcLanguageSpecificationIdentifier = xcode.lang.objc; };
		11CB8FD918B049B700396418 /* ContentViewHelper.h */ = {isa = PBXFileReference; fileEncoding = 4; lastKnownFileType = sourcecode.c.h; path = ContentViewHelper.h; sourceTree = "<group>"; };
		11CB8FDA18B049B700396418 /* ContentViewHelper.m */ = {isa = PBXFileReference; fileEncoding = 4; lastKnownFileType = sourcecode.c.objc; lineEnding = 0; path = ContentViewHelper.m; sourceTree = "<group>"; xcLanguageSpecificationIdentifier = xcode.lang.objc; };
		11CB8FDC18B04EFE00396418 /* AppUIConstants.h */ = {isa = PBXFileReference; fileEncoding = 4; lastKnownFileType = sourcecode.c.h; path = AppUIConstants.h; sourceTree = "<group>"; };
		11CB8FE918B0886600396418 /* ApiContent.h */ = {isa = PBXFileReference; fileEncoding = 4; lastKnownFileType = sourcecode.c.h; lineEnding = 0; path = ApiContent.h; sourceTree = "<group>"; xcLanguageSpecificationIdentifier = xcode.lang.objcpp; };
		11CB8FEA18B0886600396418 /* ApiContent.m */ = {isa = PBXFileReference; fileEncoding = 4; lastKnownFileType = sourcecode.c.objc; path = ApiContent.m; sourceTree = "<group>"; };
		11D1B6EF183AB0690022AF62 /* ApiManagerUserSessionTests.m */ = {isa = PBXFileReference; fileEncoding = 4; lastKnownFileType = sourcecode.c.objc; path = ApiManagerUserSessionTests.m; sourceTree = "<group>"; };
		11F269C4197848700051FA38 /* TestHelper.h */ = {isa = PBXFileReference; fileEncoding = 4; lastKnownFileType = sourcecode.c.h; path = TestHelper.h; sourceTree = "<group>"; };
		11F269C5197848700051FA38 /* TestHelper.m */ = {isa = PBXFileReference; fileEncoding = 4; lastKnownFileType = sourcecode.c.objc; path = TestHelper.m; sourceTree = "<group>"; };
		11FD6CEB18B18C75007D318E /* ComposeViewController.m */ = {isa = PBXFileReference; fileEncoding = 4; lastKnownFileType = sourcecode.c.objc; lineEnding = 0; path = ComposeViewController.m; sourceTree = "<group>"; xcLanguageSpecificationIdentifier = xcode.lang.objc; };
		11FD6CEC18B18C75007D318E /* ComposeViewController.h */ = {isa = PBXFileReference; fileEncoding = 4; lastKnownFileType = sourcecode.c.h; path = ComposeViewController.h; sourceTree = "<group>"; };
		11FD6CEE18B3DCB9007D318E /* ComposeViewHelper.m */ = {isa = PBXFileReference; fileEncoding = 4; lastKnownFileType = sourcecode.c.objc; lineEnding = 0; path = ComposeViewHelper.m; sourceTree = "<group>"; xcLanguageSpecificationIdentifier = xcode.lang.objc; };
		11FD6CEF18B3DCB9007D318E /* ComposeViewHelper.h */ = {isa = PBXFileReference; fileEncoding = 4; lastKnownFileType = sourcecode.c.h; lineEnding = 0; path = ComposeViewHelper.h; sourceTree = "<group>"; xcLanguageSpecificationIdentifier = xcode.lang.objcpp; };
/* End PBXFileReference section */

/* Begin PBXFrameworksBuildPhase section */
		1114A7EF182D8B3300089669 /* Frameworks */ = {
			isa = PBXFrameworksBuildPhase;
			buildActionMask = 2147483647;
			files = (
				1114A7F8182D8B3300089669 /* CoreGraphics.framework in Frameworks */,
				1114A7FA182D8B3300089669 /* UIKit.framework in Frameworks */,
				11CAB43418CA6D0700FE05FD /* libsqlite3.dylib in Frameworks */,
				1114A7F6182D8B3300089669 /* Foundation.framework in Frameworks */,
			);
			runOnlyForDeploymentPostprocessing = 0;
		};
		1114A80A182D8B3400089669 /* Frameworks */ = {
			isa = PBXFrameworksBuildPhase;
			buildActionMask = 2147483647;
			files = (
				11CAB42F18CA685E00FE05FD /* libsqlite3.dylib in Frameworks */,
				11810B6A18C10DD800C5246C /* CoreGraphics.framework in Frameworks */,
				1114A80F182D8B3400089669 /* XCTest.framework in Frameworks */,
				1114A811182D8B3400089669 /* UIKit.framework in Frameworks */,
				1114A810182D8B3400089669 /* Foundation.framework in Frameworks */,
			);
			runOnlyForDeploymentPostprocessing = 0;
		};
/* End PBXFrameworksBuildPhase section */

/* Begin PBXGroup section */
		1114A7E9182D8B3300089669 = {
			isa = PBXGroup;
			children = (
				1114A7FB182D8B3300089669 /* WordOfMouthEngine */,
				1114A814182D8B3400089669 /* WordOfMouthEngineTests */,
				1114A7F4182D8B3300089669 /* Frameworks */,
				1114A7F3182D8B3300089669 /* Products */,
			);
			sourceTree = "<group>";
		};
		1114A7F3182D8B3300089669 /* Products */ = {
			isa = PBXGroup;
			children = (
				1114A7F2182D8B3300089669 /* WordOfMouthEngine.app */,
				1114A80D182D8B3400089669 /* WordOfMouthEngineTests.xctest */,
			);
			name = Products;
			sourceTree = "<group>";
		};
		1114A7F4182D8B3300089669 /* Frameworks */ = {
			isa = PBXGroup;
			children = (
				11CAB42E18CA685E00FE05FD /* libsqlite3.dylib */,
				1114A7F5182D8B3300089669 /* Foundation.framework */,
				1114A7F7182D8B3300089669 /* CoreGraphics.framework */,
				1114A7F9182D8B3300089669 /* UIKit.framework */,
				1114A80E182D8B3400089669 /* XCTest.framework */,
			);
			name = Frameworks;
			sourceTree = "<group>";
		};
		1114A7FB182D8B3300089669 /* WordOfMouthEngine */ = {
			isa = PBXGroup;
			children = (
				117D9297194B86E700FD6EDD /* UIKit+AFNetworking */,
				117D9271194B86E100FD6EDD /* AFNetworking */,
				1114A824182D8B8500089669 /* AppDelegate */,
				1114A82A182D8D7E00089669 /* CommonUtility */,
				1114A82B182D8D8A00089669 /* Config */,
				1114A828182D8D5B00089669 /* Controllers */,
				111E5972182ECA6300B7FD49 /* DebugTest */,
				1114A807182D8B3300089669 /* Images.xcassets */,
				1114A827182D8D5300089669 /* Models */,
				1114A829182D8D7100089669 /* Resources */,
				1114A7FC182D8B3300089669 /* Supporting Files */,
				1114A826182D8D4A00089669 /* View */,
			);
			path = WordOfMouthEngine;
			sourceTree = "<group>";
		};
		1114A7FC182D8B3300089669 /* Supporting Files */ = {
			isa = PBXGroup;
			children = (
				1114A7FD182D8B3300089669 /* WordOfMouthEngine-Info.plist */,
				1114A7FE182D8B3300089669 /* InfoPlist.strings */,
				1114A801182D8B3300089669 /* main.m */,
				1114A803182D8B3300089669 /* WordOfMouthEngine-Prefix.pch */,
			);
			name = "Supporting Files";
			sourceTree = "<group>";
		};
		1114A814182D8B3400089669 /* WordOfMouthEngineTests */ = {
			isa = PBXGroup;
			children = (
				1170EAFE196B835F00802D4D /* Controllers */,
				1170EAFD196B835700802D4D /* Models */,
				1114A815182D8B3400089669 /* Supporting Files */,
			);
			path = WordOfMouthEngineTests;
			sourceTree = "<group>";
		};
		1114A815182D8B3400089669 /* Supporting Files */ = {
			isa = PBXGroup;
			children = (
				1114A816182D8B3400089669 /* WordOfMouthEngineTests-Info.plist */,
				1114A817182D8B3400089669 /* InfoPlist.strings */,
			);
			name = "Supporting Files";
			sourceTree = "<group>";
		};
		1114A824182D8B8500089669 /* AppDelegate */ = {
			isa = PBXGroup;
			children = (
				1114A804182D8B3300089669 /* AppDelegate.h */,
				1114A805182D8B3300089669 /* AppDelegate.m */,
			);
			name = AppDelegate;
			sourceTree = "<group>";
		};
		1114A826182D8D4A00089669 /* View */ = {
			isa = PBXGroup;
			children = (
				11810B6E18C9379800C5246C /* CustomView */,
				11CB8FC518B00B5500396418 /* CoreFunctionVC */,
				11CB8FC418B00B3300396418 /* SignInVC */,
				116EE31A18AD4B1200C66D86 /* AppUI */,
			);
			name = View;
			sourceTree = "<group>";
		};
		1114A827182D8D5300089669 /* Models */ = {
			isa = PBXGroup;
			children = (
				111C659F19777CF80073D605 /* UserResponse */,
				11B67DC618CA5DB800F6E04B /* SQliteAPI */,
				11B67DC418CA5CEE00F6E04B /* Content */,
				11B67DC518CA5CF800F6E04B /* User */,
			);
			name = Models;
			sourceTree = "<group>";
		};
		1114A828182D8D5B00089669 /* Controllers */ = {
			isa = PBXGroup;
			children = (
				116EE31B18AD9FBB00C66D86 /* UserInfo */,
				116EE31918AD4B0000C66D86 /* Content */,
				116EE31818AD4AF200C66D86 /* Session */,
				116EE31718AD4ADD00C66D86 /* API */,
			);
			name = Controllers;
			sourceTree = "<group>";
		};
		1114A829182D8D7100089669 /* Resources */ = {
			isa = PBXGroup;
			children = (
				11CB8FDF18B053B400396418 /* Graphics */,
			);
			name = Resources;
			sourceTree = "<group>";
		};
		1114A82A182D8D7E00089669 /* CommonUtility */ = {
			isa = PBXGroup;
			children = (
				1166AD8D1976F5500010BFEA /* PlaceHolderGenerator */,
				116EE33118ADB58500C66D86 /* CommonResourceDefintions.h */,
				116D500318E38FA200579F37 /* AppConstants.h */,
				116EE33218ADB58500C66D86 /* CommonUtility.h */,
				116EE33318ADB58500C66D86 /* CommonUtility.m */,
				116EE33418ADB58500C66D86 /* CoreSizeDefintions.h */,
				116EE33518ADB58500C66D86 /* LocalMacros.h */,
			);
			name = CommonUtility;
			sourceTree = "<group>";
		};
		1114A82B182D8D8A00089669 /* Config */ = {
			isa = PBXGroup;
			children = (
			);
			name = Config;
			sourceTree = "<group>";
		};
		111C659F19777CF80073D605 /* UserResponse */ = {
			isa = PBXGroup;
			children = (
				111C65A119777D530073D605 /* ApiUserResponse.h */,
				111C65A219777D530073D605 /* ApiUserResponse.m */,
			);
			name = UserResponse;
			sourceTree = "<group>";
		};
		111E5972182ECA6300B7FD49 /* DebugTest */ = {
			isa = PBXGroup;
			children = (
				111E5973182ECA8F00B7FD49 /* DebugTestManager.h */,
				111E5974182ECA8F00B7FD49 /* DebugTestManager.m */,
			);
			name = DebugTest;
			sourceTree = "<group>";
		};
		1131DA6818B55AF100EFDB34 /* Buttons */ = {
			isa = PBXGroup;
			children = (
				1131DA6F18B55B1300EFDB34 /* SocialSignin_Email.png */,
				1131DA6D18B55B0700EFDB34 /* SocialSignin_Twitter.png */,
				1131DA6918B55AFE00EFDB34 /* SocialSignin_Google.png */,
				1131DA6A18B55AFE00EFDB34 /* SocialSignin_Facebook.png */,
			);
			name = Buttons;
			sourceTree = "<group>";
		};
		1131DA7118B5654200EFDB34 /* WomUserSignIn */ = {
			isa = PBXGroup;
			children = (
				1166AD851975EC640010BFEA /* WomSignUpViewController.h */,
				1166AD861975EC640010BFEA /* WomSignUpViewController.m */,
				1131DA7518B5657C00EFDB34 /* WomSignInViewController.h */,
				1131DA7218B5657C00EFDB34 /* WomSignInViewController.m */,
				1166AD891975ECDB0010BFEA /* WomSignUpViewHelper.h */,
				1166AD8A1975ECDB0010BFEA /* WomSignUpViewHelper.m */,
				1131DA7418B5657C00EFDB34 /* WomSignInViewHelper.h */,
				1131DA7318B5657C00EFDB34 /* WomSignInViewHelper.m */,
			);
			name = WomUserSignIn;
			sourceTree = "<group>";
		};
		1166AD8D1976F5500010BFEA /* PlaceHolderGenerator */ = {
			isa = PBXGroup;
			children = (
				1166AD8E1976F5C90010BFEA /* PlaceHolderFactory.h */,
				1166AD8F1976F5C90010BFEA /* PlaceHolderFactory.m */,
			);
			name = PlaceHolderGenerator;
			sourceTree = "<group>";
		};
		116EE31718AD4ADD00C66D86 /* API */ = {
			isa = PBXGroup;
			children = (
				111E596E182EC53F00B7FD49 /* ApiManager.h */,
				111E596F182EC53F00B7FD49 /* ApiManager.m */,
				1171CABD196917DF00B40A0E /* ApiUserManager.h */,
				1171CABE196917DF00B40A0E /* ApiUserManager.m */,
				1170EB08196DCAF600802D4D /* JSONResponseSerializerWithData.h */,
				1170EB09196DCAF600802D4D /* JSONResponseSerializerWithData.m */,
				11B755BC19708BA000410604 /* ApiErrorManager.h */,
				11B755BD19708BA000410604 /* ApiErrorManager.m */,
				115F1B9C197492D9002262F5 /* ApiRequestHelper.h */,
				115F1B9D197492D9002262F5 /* ApiRequestHelper.m */,
				1166AD781974BEBA0010BFEA /* ApiContentManager.h */,
				1166AD791974BEBA0010BFEA /* ApiContentManager.m */,
				1166AD7C19759ED30010BFEA /* ApiValidationManager.h */,
				1166AD7D19759ED30010BFEA /* ApiValidationManager.m */,
			);
			name = API;
			sourceTree = "<group>";
		};
		116EE31818AD4AF200C66D86 /* Session */ = {
			isa = PBXGroup;
			children = (
				116EE31C18ADA07500C66D86 /* SessionManager.h */,
				116EE31D18ADA07500C66D86 /* SessionManager.m */,
			);
			name = Session;
			sourceTree = "<group>";
		};
		116EE31918AD4B0000C66D86 /* Content */ = {
			isa = PBXGroup;
			children = (
				116EE31F18ADA08D00C66D86 /* ContentManager.h */,
				116EE32018ADA08D00C66D86 /* ContentManager.m */,
			);
			name = Content;
			sourceTree = "<group>";
		};
		116EE31A18AD4B1200C66D86 /* AppUI */ = {
			isa = PBXGroup;
			children = (
				116EE32518ADA0E100C66D86 /* AppUIManager.h */,
				116EE32618ADA0E100C66D86 /* AppUIManager.m */,
				116EE32818ADA0F800C66D86 /* AppGraphicsManager.h */,
				116EE32918ADA0F800C66D86 /* AppGraphicsManager.m */,
				116EE32B18ADA10B00C66D86 /* AppAudioManager.h */,
				116EE32C18ADA10B00C66D86 /* AppAudioManager.m */,
				116EE32E18ADA1AC00C66D86 /* AppAnimationManager.h */,
				116EE32F18ADA1AC00C66D86 /* AppAnimationManager.m */,
				11CB8FDC18B04EFE00396418 /* AppUIConstants.h */,
				1107342B18BDBF8B008C941A /* AppUIAppearanceManager.h */,
				1107342C18BDBF8B008C941A /* AppUIAppearanceManager.m */,
			);
			name = AppUI;
			sourceTree = "<group>";
		};
		116EE31B18AD9FBB00C66D86 /* UserInfo */ = {
			isa = PBXGroup;
			children = (
			);
			name = UserInfo;
			sourceTree = "<group>";
		};
		1170EAFD196B835700802D4D /* Models */ = {
			isa = PBXGroup;
			children = (
				1170EAFF196B837D00802D4D /* User */,
			);
			name = Models;
			sourceTree = "<group>";
		};
		1170EAFE196B835F00802D4D /* Controllers */ = {
			isa = PBXGroup;
			children = (
				11F269C3197848410051FA38 /* TestHelpers */,
				1170EB02196C708C00802D4D /* API */,
			);
			name = Controllers;
			sourceTree = "<group>";
		};
		1170EAFF196B837D00802D4D /* User */ = {
			isa = PBXGroup;
			children = (
				1170EB00196B83A600802D4D /* ApiUserDatabaseTests.m */,
			);
			name = User;
			sourceTree = "<group>";
		};
		1170EB02196C708C00802D4D /* API */ = {
			isa = PBXGroup;
			children = (
				1127D62F197744B1004BA5B8 /* ApiManagerContentTests.m */,
				1166AD821975D79C0010BFEA /* ApiManagerValidationTests.m */,
				11D1B6EF183AB0690022AF62 /* ApiManagerUserSessionTests.m */,
				1170EB03196C70B700802D4D /* ApiUserManagerTests.m */,
				1166AD801975AD4C0010BFEA /* ApiValidationManagerTests.m */,
				1166AD841975D85F0010BFEA /* AsynTextHelper.h */,
				1139704619778CD9001EFF9C /* ApiRequestHelperTests.m */,
			);
			name = API;
			sourceTree = "<group>";
		};
		117D9271194B86E100FD6EDD /* AFNetworking */ = {
			isa = PBXGroup;
			children = (
				117D9272194B86E100FD6EDD /* AFHTTPRequestOperation.h */,
				117D9273194B86E100FD6EDD /* AFHTTPRequestOperation.m */,
				117D9274194B86E100FD6EDD /* AFHTTPRequestOperationManager.h */,
				117D9275194B86E100FD6EDD /* AFHTTPRequestOperationManager.m */,
				117D9276194B86E100FD6EDD /* AFHTTPSessionManager.h */,
				117D9277194B86E100FD6EDD /* AFHTTPSessionManager.m */,
				117D9278194B86E100FD6EDD /* AFNetworking.h */,
				117D9279194B86E100FD6EDD /* AFNetworkReachabilityManager.h */,
				117D927A194B86E100FD6EDD /* AFNetworkReachabilityManager.m */,
				117D927B194B86E100FD6EDD /* AFSecurityPolicy.h */,
				117D927C194B86E100FD6EDD /* AFSecurityPolicy.m */,
				117D927D194B86E100FD6EDD /* AFURLConnectionOperation.h */,
				117D927E194B86E200FD6EDD /* AFURLConnectionOperation.m */,
				117D927F194B86E200FD6EDD /* AFURLRequestSerialization.h */,
				117D9280194B86E200FD6EDD /* AFURLRequestSerialization.m */,
				117D9281194B86E200FD6EDD /* AFURLResponseSerialization.h */,
				117D9282194B86E200FD6EDD /* AFURLResponseSerialization.m */,
				117D9283194B86E200FD6EDD /* AFURLSessionManager.h */,
				117D9284194B86E200FD6EDD /* AFURLSessionManager.m */,
			);
			path = AFNetworking;
			sourceTree = "<group>";
		};
		117D9297194B86E700FD6EDD /* UIKit+AFNetworking */ = {
			isa = PBXGroup;
			children = (
				117D9298194B86E700FD6EDD /* AFNetworkActivityIndicatorManager.h */,
				117D9299194B86E700FD6EDD /* AFNetworkActivityIndicatorManager.m */,
				117D929A194B86E700FD6EDD /* UIActivityIndicatorView+AFNetworking.h */,
				117D929B194B86E700FD6EDD /* UIActivityIndicatorView+AFNetworking.m */,
				117D929C194B86E700FD6EDD /* UIAlertView+AFNetworking.h */,
				117D929D194B86E700FD6EDD /* UIAlertView+AFNetworking.m */,
				117D929E194B86E700FD6EDD /* UIButton+AFNetworking.h */,
				117D929F194B86E700FD6EDD /* UIButton+AFNetworking.m */,
				117D92A0194B86E700FD6EDD /* UIImageView+AFNetworking.h */,
				117D92A1194B86E700FD6EDD /* UIImageView+AFNetworking.m */,
				117D92A2194B86E700FD6EDD /* UIKit+AFNetworking.h */,
				117D92A3194B86E700FD6EDD /* UIProgressView+AFNetworking.h */,
				117D92A4194B86E700FD6EDD /* UIProgressView+AFNetworking.m */,
				117D92A5194B86E700FD6EDD /* UIRefreshControl+AFNetworking.h */,
				117D92A6194B86E700FD6EDD /* UIRefreshControl+AFNetworking.m */,
				117D92A7194B86E700FD6EDD /* UIWebView+AFNetworking.h */,
				117D92A8194B86E700FD6EDD /* UIWebView+AFNetworking.m */,
			);
			path = "UIKit+AFNetworking";
			sourceTree = "<group>";
		};
		11810B6718C0024900C5246C /* AppLogo */ = {
			isa = PBXGroup;
			children = (
				11B68B6418E53CDE00AE9197 /* AppIcon.png */,
			);
			name = AppLogo;
			sourceTree = "<group>";
		};
		11810B6B18C1245800C5246C /* Misc */ = {
			isa = PBXGroup;
			children = (
				11810B6C18C1246100C5246C /* UserImage.png */,
			);
			name = Misc;
			sourceTree = "<group>";
		};
		11810B6E18C9379800C5246C /* CustomView */ = {
			isa = PBXGroup;
			children = (
				11810B7618C9405300C5246C /* CircularCounter */,
				11810B6F18C9379F00C5246C /* CircularProgress */,
			);
			name = CustomView;
			sourceTree = "<group>";
		};
		11810B6F18C9379F00C5246C /* CircularProgress */ = {
			isa = PBXGroup;
			children = (
				11810B7018C937D000C5246C /* CVCircularProgressView.h */,
				11810B7118C937D000C5246C /* CVCircularProgressView.m */,
				11810B7318C9386F00C5246C /* CVCircularProgressLayer.h */,
				11810B7418C9386F00C5246C /* CVCircularProgressLayer.m */,
			);
			name = CircularProgress;
			sourceTree = "<group>";
		};
		11810B7618C9405300C5246C /* CircularCounter */ = {
			isa = PBXGroup;
			children = (
				11810B7718C9407F00C5246C /* CVCircleCounterView.h */,
				11810B7818C9407F00C5246C /* CVCircleCounterView.m */,
				11810B7A18C9419100C5246C /* CVCircleDownCounter.h */,
				11810B7B18C9419100C5246C /* CVCircleDownCounter.m */,
			);
			name = CircularCounter;
			sourceTree = "<group>";
		};
		11B67DC418CA5CEE00F6E04B /* Content */ = {
			isa = PBXGroup;
			children = (
				11B68B6218E3BA8600AE9197 /* LocalContent_DB.sqlite */,
				116D500418E3997A00579F37 /* LocalContent_FZ_DB.sqlite */,
				11CAB43C18CA944900FE05FD /* LocalContent_DB_ori.sqlite */,
				11CAB43518CA711C00FE05FD /* ApiContentDatabase.h */,
				11CAB43618CA711C00FE05FD /* ApiContentDatabase.m */,
				11CB8FEA18B0886600396418 /* ApiContent.m */,
				11CB8FE918B0886600396418 /* ApiContent.h */,
			);
			name = Content;
			sourceTree = "<group>";
		};
		11B67DC518CA5CF800F6E04B /* User */ = {
			isa = PBXGroup;
			children = (
				111E597B18309A6700B7FD49 /* ApiUser.h */,
				111E597C18309A6700B7FD49 /* ApiUser.m */,
				1171CAC01969E30400B40A0E /* ApiUserDatabase.m */,
				1171CAC11969E30500B40A0E /* ApiUserDatabase.h */,
			);
			name = User;
			sourceTree = "<group>";
		};
		11B67DC618CA5DB800F6E04B /* SQliteAPI */ = {
			isa = PBXGroup;
			children = (
				11CAB43118CA6C8E00FE05FD /* SQLiteAPI.h */,
				11CAB43218CA6C8E00FE05FD /* SQLiteAPI.m */,
			);
			name = SQliteAPI;
			sourceTree = "<group>";
		};
		11CB8FC418B00B3300396418 /* SignInVC */ = {
			isa = PBXGroup;
			children = (
				1131DA7118B5654200EFDB34 /* WomUserSignIn */,
				11CB8FC118B00B2900396418 /* SignInViewController.h */,
				11CB8FC218B00B2900396418 /* SignInViewController.m */,
				1131DA6618B5584300EFDB34 /* SignInViewHelper.h */,
				1131DA6518B5584300EFDB34 /* SignInViewHelper.m */,
			);
			name = SignInVC;
			sourceTree = "<group>";
		};
		11CB8FC518B00B5500396418 /* CoreFunctionVC */ = {
			isa = PBXGroup;
			children = (
				11FD6CEA18B18C32007D318E /* ComposeVC */,
				11CB8FCC18B0432400396418 /* SettingsVC */,
				11CB8FCB18B0431A00396418 /* ProfileVC */,
				11CB8FCA18B0431200396418 /* HistoryVC */,
				11CB8FC918B0430700396418 /* ContentVC */,
				11CB8FC618B00BB200396418 /* CoreFunctionViewController.h */,
				11CB8FC718B00BB200396418 /* CoreFunctionViewController.m */,
			);
			name = CoreFunctionVC;
			sourceTree = "<group>";
		};
		11CB8FC918B0430700396418 /* ContentVC */ = {
			isa = PBXGroup;
			children = (
				11CB8FD918B049B700396418 /* ContentViewHelper.h */,
				11CB8FDA18B049B700396418 /* ContentViewHelper.m */,
				11CB8FCD18B0469000396418 /* ContentViewController.h */,
				11CB8FCE18B0469000396418 /* ContentViewController.m */,
			);
			name = ContentVC;
			sourceTree = "<group>";
		};
		11CB8FCA18B0431200396418 /* HistoryVC */ = {
			isa = PBXGroup;
			children = (
				11CB8FD018B046C400396418 /* HistoryViewController.h */,
				11CB8FD118B046C400396418 /* HistoryViewController.m */,
			);
			name = HistoryVC;
			sourceTree = "<group>";
		};
		11CB8FCB18B0431A00396418 /* ProfileVC */ = {
			isa = PBXGroup;
			children = (
				11CB8FD318B0473500396418 /* ProfileViewController.h */,
				11CB8FD418B0473500396418 /* ProfileViewController.m */,
				11720F4F18B6A83500124C9F /* ProfileViewHelper.m */,
				11720F5018B6A83500124C9F /* ProfileViewHelper.h */,
			);
			name = ProfileVC;
			sourceTree = "<group>";
		};
		11CB8FCC18B0432400396418 /* SettingsVC */ = {
			isa = PBXGroup;
			children = (
				11CB8FD618B0476A00396418 /* SettingsViewController.h */,
				11CB8FD718B0476A00396418 /* SettingsViewController.m */,
			);
			name = SettingsVC;
			sourceTree = "<group>";
		};
		11CB8FDF18B053B400396418 /* Graphics */ = {
			isa = PBXGroup;
			children = (
				11810B6B18C1245800C5246C /* Misc */,
				11810B6718C0024900C5246C /* AppLogo */,
				1131DA6818B55AF100EFDB34 /* Buttons */,
				11CB8FE018B053BB00396418 /* TabbarIcons */,
			);
			name = Graphics;
			sourceTree = "<group>";
		};
		11CB8FE018B053BB00396418 /* TabbarIcons */ = {
			isa = PBXGroup;
			children = (
				111B758118B7F4FD00B10716 /* TabBarIconContact.png */,
				111B758218B7F4FD00B10716 /* TabBarIconContact@2x.png */,
				111B758318B7F4FD00B10716 /* TabBarIconFavorites.png */,
				111B758418B7F4FD00B10716 /* TabBarIconFavorites@2x.png */,
				111B758518B7F4FD00B10716 /* TabBarIconNew.png */,
				111B758618B7F4FD00B10716 /* TabBarIconNew@2x.png */,
			);
			name = TabbarIcons;
			sourceTree = "<group>";
		};
		11F269C3197848410051FA38 /* TestHelpers */ = {
			isa = PBXGroup;
			children = (
				11F269C4197848700051FA38 /* TestHelper.h */,
				11F269C5197848700051FA38 /* TestHelper.m */,
			);
			name = TestHelpers;
			sourceTree = "<group>";
		};
		11FD6CEA18B18C32007D318E /* ComposeVC */ = {
			isa = PBXGroup;
			children = (
				11FD6CEB18B18C75007D318E /* ComposeViewController.m */,
				11FD6CEC18B18C75007D318E /* ComposeViewController.h */,
				11FD6CEE18B3DCB9007D318E /* ComposeViewHelper.m */,
				11FD6CEF18B3DCB9007D318E /* ComposeViewHelper.h */,
			);
			name = ComposeVC;
			sourceTree = "<group>";
		};
/* End PBXGroup section */

/* Begin PBXNativeTarget section */
		1114A7F1182D8B3300089669 /* WordOfMouthEngine */ = {
			isa = PBXNativeTarget;
			buildConfigurationList = 1114A81E182D8B3400089669 /* Build configuration list for PBXNativeTarget "WordOfMouthEngine" */;
			buildPhases = (
				1114A7EE182D8B3300089669 /* Sources */,
				1114A7EF182D8B3300089669 /* Frameworks */,
				1114A7F0182D8B3300089669 /* Resources */,
			);
			buildRules = (
			);
			dependencies = (
			);
			name = WordOfMouthEngine;
			productName = WordOfMotuhEngine;
			productReference = 1114A7F2182D8B3300089669 /* WordOfMouthEngine.app */;
			productType = "com.apple.product-type.application";
		};
		1114A80C182D8B3400089669 /* WordOfMouthEngineTests */ = {
			isa = PBXNativeTarget;
			buildConfigurationList = 1114A821182D8B3400089669 /* Build configuration list for PBXNativeTarget "WordOfMouthEngineTests" */;
			buildPhases = (
				1114A809182D8B3400089669 /* Sources */,
				1114A80A182D8B3400089669 /* Frameworks */,
				1114A80B182D8B3400089669 /* Resources */,
			);
			buildRules = (
			);
			dependencies = (
				1114A813182D8B3400089669 /* PBXTargetDependency */,
			);
			name = WordOfMouthEngineTests;
			productName = WordOfMotuhEngineTests;
			productReference = 1114A80D182D8B3400089669 /* WordOfMouthEngineTests.xctest */;
			productType = "com.apple.product-type.bundle.unit-test";
		};
/* End PBXNativeTarget section */

/* Begin PBXProject section */
		1114A7EA182D8B3300089669 /* Project object */ = {
			isa = PBXProject;
			attributes = {
				LastUpgradeCheck = 0510;
				ORGANIZATIONNAME = "Bijit Halder";
				TargetAttributes = {
					1114A7F1182D8B3300089669 = {
						DevelopmentTeam = E2FCZXHQZ9;
					};
					1114A80C182D8B3400089669 = {
						TestTargetID = 1114A7F1182D8B3300089669;
					};
				};
			};
			buildConfigurationList = 1114A7ED182D8B3300089669 /* Build configuration list for PBXProject "WordOfMouthEngine" */;
			compatibilityVersion = "Xcode 3.2";
			developmentRegion = English;
			hasScannedForEncodings = 0;
			knownRegions = (
				en,
			);
			mainGroup = 1114A7E9182D8B3300089669;
			productRefGroup = 1114A7F3182D8B3300089669 /* Products */;
			projectDirPath = "";
			projectRoot = "";
			targets = (
				1114A7F1182D8B3300089669 /* WordOfMouthEngine */,
				1114A80C182D8B3400089669 /* WordOfMouthEngineTests */,
			);
		};
/* End PBXProject section */

/* Begin PBXResourcesBuildPhase section */
		1114A7F0182D8B3300089669 /* Resources */ = {
			isa = PBXResourcesBuildPhase;
			buildActionMask = 2147483647;
			files = (
				11B68B6318E3BB0200AE9197 /* LocalContent_DB.sqlite in Resources */,
				111B758C18B7F4FD00B10716 /* TabBarIconNew@2x.png in Resources */,
				1131DA6C18B55AFE00EFDB34 /* SocialSignin_Facebook.png in Resources */,
				116D500518E3997A00579F37 /* LocalContent_FZ_DB.sqlite in Resources */,
				111B758918B7F4FD00B10716 /* TabBarIconFavorites.png in Resources */,
				1114A800182D8B3300089669 /* InfoPlist.strings in Resources */,
				111B758A18B7F4FD00B10716 /* TabBarIconFavorites@2x.png in Resources */,
				11810B6D18C1246100C5246C /* UserImage.png in Resources */,
				1114A808182D8B3300089669 /* Images.xcassets in Resources */,
				1131DA6E18B55B0700EFDB34 /* SocialSignin_Twitter.png in Resources */,
				1131DA7018B55B1300EFDB34 /* SocialSignin_Email.png in Resources */,
				11CAB43D18CA944900FE05FD /* LocalContent_DB_ori.sqlite in Resources */,
				111B758718B7F4FD00B10716 /* TabBarIconContact.png in Resources */,
				111B758818B7F4FD00B10716 /* TabBarIconContact@2x.png in Resources */,
				111B758B18B7F4FD00B10716 /* TabBarIconNew.png in Resources */,
				11B68B6518E53CDE00AE9197 /* AppIcon.png in Resources */,
				1131DA6B18B55AFE00EFDB34 /* SocialSignin_Google.png in Resources */,
			);
			runOnlyForDeploymentPostprocessing = 0;
		};
		1114A80B182D8B3400089669 /* Resources */ = {
			isa = PBXResourcesBuildPhase;
			buildActionMask = 2147483647;
			files = (
				1114A819182D8B3400089669 /* InfoPlist.strings in Resources */,
			);
			runOnlyForDeploymentPostprocessing = 0;
		};
/* End PBXResourcesBuildPhase section */

/* Begin PBXSourcesBuildPhase section */
		1114A7EE182D8B3300089669 /* Sources */ = {
			isa = PBXSourcesBuildPhase;
			buildActionMask = 2147483647;
			files = (
				117D9285194B86E200FD6EDD /* AFHTTPRequestOperation.m in Sources */,
				117D928B194B86E200FD6EDD /* AFNetworkReachabilityManager.m in Sources */,
				111C65A319777D530073D605 /* ApiUserResponse.m in Sources */,
				117D9289194B86E200FD6EDD /* AFHTTPSessionManager.m in Sources */,
				11CAB43318CA6C8E00FE05FD /* SQLiteAPI.m in Sources */,
				117D92B3194B86E700FD6EDD /* UIProgressView+AFNetworking.m in Sources */,
				11CAB43018CA6C4600FE05FD /* SessionManager.m in Sources */,
				116EE32718ADA0E100C66D86 /* AppUIManager.m in Sources */,
				1166AD7E19759ED30010BFEA /* ApiValidationManager.m in Sources */,
				117D92B7194B86E700FD6EDD /* UIWebView+AFNetworking.m in Sources */,
				116EE33018ADA1AC00C66D86 /* AppAnimationManager.m in Sources */,
				116EE32D18ADA10B00C66D86 /* AppAudioManager.m in Sources */,
				117D9293194B86E200FD6EDD /* AFURLResponseSerialization.m in Sources */,
				116EE32118ADA08D00C66D86 /* ContentManager.m in Sources */,
				1171CAC21969E30500B40A0E /* ApiUserDatabase.m in Sources */,
				11CB8FEB18B0886600396418 /* ApiContent.m in Sources */,
				11810B7518C9386F00C5246C /* CVCircularProgressLayer.m in Sources */,
				1131DA7718B5657C00EFDB34 /* WomSignInViewHelper.m in Sources */,
				1170EB0A196DCAF600802D4D /* JSONResponseSerializerWithData.m in Sources */,
				11CAB43718CA711C00FE05FD /* ApiContentDatabase.m in Sources */,
				116EE33618ADB58500C66D86 /* CommonUtility.m in Sources */,
				111E5975182ECA8F00B7FD49 /* DebugTestManager.m in Sources */,
				111E597D18309A6700B7FD49 /* ApiUser.m in Sources */,
				117D92AB194B86E700FD6EDD /* UIActivityIndicatorView+AFNetworking.m in Sources */,
				11720F5118B6A83500124C9F /* ProfileViewHelper.m in Sources */,
				1166AD871975EC640010BFEA /* WomSignUpViewController.m in Sources */,
				11FD6CF018B3DCB9007D318E /* ComposeViewHelper.m in Sources */,
				1171CABF196917DF00B40A0E /* ApiUserManager.m in Sources */,
				117D928F194B86E200FD6EDD /* AFURLConnectionOperation.m in Sources */,
				11B755BE19708BA000410604 /* ApiErrorManager.m in Sources */,
				1114A806182D8B3300089669 /* AppDelegate.m in Sources */,
				111E5970182EC53F00B7FD49 /* ApiManager.m in Sources */,
				11CB8FC318B00B2900396418 /* SignInViewController.m in Sources */,
				11CB8FD518B0473500396418 /* ProfileViewController.m in Sources */,
				1166AD901976F5C90010BFEA /* PlaceHolderFactory.m in Sources */,
				1166AD8B1975ECDB0010BFEA /* WomSignUpViewHelper.m in Sources */,
				11810B7C18C9419100C5246C /* CVCircleDownCounter.m in Sources */,
				11CB8FD218B046C400396418 /* HistoryViewController.m in Sources */,
				11FD6CED18B18C75007D318E /* ComposeViewController.m in Sources */,
				11CB8FCF18B0469000396418 /* ContentViewController.m in Sources */,
				11CB8FC818B00BB200396418 /* CoreFunctionViewController.m in Sources */,
				11810B7218C937D000C5246C /* CVCircularProgressView.m in Sources */,
				117D92B1194B86E700FD6EDD /* UIImageView+AFNetworking.m in Sources */,
				1114A802182D8B3300089669 /* main.m in Sources */,
				1131DA7618B5657C00EFDB34 /* WomSignInViewController.m in Sources */,
				117D9291194B86E200FD6EDD /* AFURLRequestSerialization.m in Sources */,
				115F1B9E197492D9002262F5 /* ApiRequestHelper.m in Sources */,
				116EE32A18ADA0F800C66D86 /* AppGraphicsManager.m in Sources */,
				117D92AD194B86E700FD6EDD /* UIAlertView+AFNetworking.m in Sources */,
				117D92AF194B86E700FD6EDD /* UIButton+AFNetworking.m in Sources */,
				117D92B5194B86E700FD6EDD /* UIRefreshControl+AFNetworking.m in Sources */,
				117D9287194B86E200FD6EDD /* AFHTTPRequestOperationManager.m in Sources */,
				117D9295194B86E200FD6EDD /* AFURLSessionManager.m in Sources */,
				1166AD7A1974BEBA0010BFEA /* ApiContentManager.m in Sources */,
				11CB8FDB18B049B700396418 /* ContentViewHelper.m in Sources */,
				1131DA6718B5584300EFDB34 /* SignInViewHelper.m in Sources */,
				117D928D194B86E200FD6EDD /* AFSecurityPolicy.m in Sources */,
				11CB8FD818B0476A00396418 /* SettingsViewController.m in Sources */,
				11810B7918C9407F00C5246C /* CVCircleCounterView.m in Sources */,
				1107342D18BDBF8B008C941A /* AppUIAppearanceManager.m in Sources */,
				117D92A9194B86E700FD6EDD /* AFNetworkActivityIndicatorManager.m in Sources */,
			);
			runOnlyForDeploymentPostprocessing = 0;
		};
		1114A809182D8B3400089669 /* Sources */ = {
			isa = PBXSourcesBuildPhase;
			buildActionMask = 2147483647;
			files = (
				1170EB04196C70B700802D4D /* ApiUserManagerTests.m in Sources */,
				117D9290194B86E200FD6EDD /* AFURLConnectionOperation.m in Sources */,
				117D9286194B86E200FD6EDD /* AFHTTPRequestOperation.m in Sources */,
				11F269C6197848700051FA38 /* TestHelper.m in Sources */,
				1166AD8C1975ECDB0010BFEA /* WomSignUpViewHelper.m in Sources */,
				117D92B0194B86E700FD6EDD /* UIButton+AFNetworking.m in Sources */,
				117D928C194B86E200FD6EDD /* AFNetworkReachabilityManager.m in Sources */,
				1166AD881975EC640010BFEA /* WomSignUpViewController.m in Sources */,
				117D92B4194B86E700FD6EDD /* UIProgressView+AFNetworking.m in Sources */,
				1139704719778CD9001EFF9C /* ApiRequestHelperTests.m in Sources */,
				111C65A419777D530073D605 /* ApiUserResponse.m in Sources */,
				117D9296194B86E200FD6EDD /* AFURLSessionManager.m in Sources */,
				115F1B9F197492D9002262F5 /* ApiRequestHelper.m in Sources */,
				117D9292194B86E200FD6EDD /* AFURLRequestSerialization.m in Sources */,
				111E5976182ECA8F00B7FD49 /* DebugTestManager.m in Sources */,
				117D92B6194B86E700FD6EDD /* UIRefreshControl+AFNetworking.m in Sources */,
				117D9294194B86E200FD6EDD /* AFURLResponseSerialization.m in Sources */,
				117D92B2194B86E700FD6EDD /* UIImageView+AFNetworking.m in Sources */,
				1166AD7B1974BEBA0010BFEA /* ApiContentManager.m in Sources */,
				111E597E18309A6700B7FD49 /* ApiUser.m in Sources */,
				1170EB01196B83A600802D4D /* ApiUserDatabaseTests.m in Sources */,
				1166AD7F19759ED30010BFEA /* ApiValidationManager.m in Sources */,
				1166AD911976F5C90010BFEA /* PlaceHolderFactory.m in Sources */,
				117D92AE194B86E700FD6EDD /* UIAlertView+AFNetworking.m in Sources */,
				117D9288194B86E200FD6EDD /* AFHTTPRequestOperationManager.m in Sources */,
				11B755BF19708BA000410604 /* ApiErrorManager.m in Sources */,
				117D928E194B86E200FD6EDD /* AFSecurityPolicy.m in Sources */,
				117D92B8194B86E700FD6EDD /* UIWebView+AFNetworking.m in Sources */,
				11D1B6F0183AB0690022AF62 /* ApiManagerUserSessionTests.m in Sources */,
				111E5971182EC53F00B7FD49 /* ApiManager.m in Sources */,
				117D928A194B86E200FD6EDD /* AFHTTPSessionManager.m in Sources */,
				1171CAC31969E30500B40A0E /* ApiUserDatabase.m in Sources */,
				117D92AC194B86E700FD6EDD /* UIActivityIndicatorView+AFNetworking.m in Sources */,
				117D92AA194B86E700FD6EDD /* AFNetworkActivityIndicatorManager.m in Sources */,
				1127D630197744B1004BA5B8 /* ApiManagerContentTests.m in Sources */,
				1166AD831975D79C0010BFEA /* ApiManagerValidationTests.m in Sources */,
				1166AD811975AD4C0010BFEA /* ApiValidationManagerTests.m in Sources */,
			);
			runOnlyForDeploymentPostprocessing = 0;
		};
/* End PBXSourcesBuildPhase section */

/* Begin PBXTargetDependency section */
		1114A813182D8B3400089669 /* PBXTargetDependency */ = {
			isa = PBXTargetDependency;
			target = 1114A7F1182D8B3300089669 /* WordOfMouthEngine */;
			targetProxy = 1114A812182D8B3400089669 /* PBXContainerItemProxy */;
		};
/* End PBXTargetDependency section */

/* Begin PBXVariantGroup section */
		1114A7FE182D8B3300089669 /* InfoPlist.strings */ = {
			isa = PBXVariantGroup;
			children = (
				1114A7FF182D8B3300089669 /* en */,
			);
			name = InfoPlist.strings;
			sourceTree = "<group>";
		};
		1114A817182D8B3400089669 /* InfoPlist.strings */ = {
			isa = PBXVariantGroup;
			children = (
				1114A818182D8B3400089669 /* en */,
			);
			name = InfoPlist.strings;
			sourceTree = "<group>";
		};
/* End PBXVariantGroup section */

/* Begin XCBuildConfiguration section */
		1114A81C182D8B3400089669 /* Debug */ = {
			isa = XCBuildConfiguration;
			buildSettings = {
				ALWAYS_SEARCH_USER_PATHS = NO;
				CLANG_CXX_LANGUAGE_STANDARD = "gnu++0x";
				CLANG_CXX_LIBRARY = "libc++";
				CLANG_ENABLE_MODULES = YES;
				CLANG_ENABLE_OBJC_ARC = YES;
				CLANG_WARN_BOOL_CONVERSION = YES;
				CLANG_WARN_CONSTANT_CONVERSION = YES;
				CLANG_WARN_DIRECT_OBJC_ISA_USAGE = YES_ERROR;
				CLANG_WARN_EMPTY_BODY = YES;
				CLANG_WARN_ENUM_CONVERSION = YES;
				CLANG_WARN_INT_CONVERSION = YES;
				CLANG_WARN_OBJC_ROOT_CLASS = YES_ERROR;
				CLANG_WARN__DUPLICATE_METHOD_MATCH = YES;
				"CODE_SIGN_IDENTITY[sdk=iphoneos*]" = "iPhone Developer: Bijit Halder (DQN8JJT5B5)";
				COPY_PHASE_STRIP = NO;
				GCC_C_LANGUAGE_STANDARD = gnu99;
				GCC_DYNAMIC_NO_PIC = NO;
				GCC_OPTIMIZATION_LEVEL = 0;
				GCC_PREPROCESSOR_DEFINITIONS = (
					"DEBUG=1",
					"$(inherited)",
				);
				GCC_SYMBOLS_PRIVATE_EXTERN = NO;
				GCC_WARN_64_TO_32_BIT_CONVERSION = YES;
				GCC_WARN_ABOUT_RETURN_TYPE = YES_ERROR;
				GCC_WARN_UNDECLARED_SELECTOR = YES;
				GCC_WARN_UNINITIALIZED_AUTOS = YES;
				GCC_WARN_UNUSED_FUNCTION = YES;
				GCC_WARN_UNUSED_VARIABLE = YES;
				IPHONEOS_DEPLOYMENT_TARGET = 7.0;
				ONLY_ACTIVE_ARCH = YES;
				PROVISIONING_PROFILE = "7586A9CB-89EA-4F69-9F93-1B1C3356DD86";
				SDKROOT = iphoneos;
			};
			name = Debug;
		};
		1114A81D182D8B3400089669 /* Release */ = {
			isa = XCBuildConfiguration;
			buildSettings = {
				ALWAYS_SEARCH_USER_PATHS = NO;
				CLANG_CXX_LANGUAGE_STANDARD = "gnu++0x";
				CLANG_CXX_LIBRARY = "libc++";
				CLANG_ENABLE_MODULES = YES;
				CLANG_ENABLE_OBJC_ARC = YES;
				CLANG_WARN_BOOL_CONVERSION = YES;
				CLANG_WARN_CONSTANT_CONVERSION = YES;
				CLANG_WARN_DIRECT_OBJC_ISA_USAGE = YES_ERROR;
				CLANG_WARN_EMPTY_BODY = YES;
				CLANG_WARN_ENUM_CONVERSION = YES;
				CLANG_WARN_INT_CONVERSION = YES;
				CLANG_WARN_OBJC_ROOT_CLASS = YES_ERROR;
				CLANG_WARN__DUPLICATE_METHOD_MATCH = YES;
				"CODE_SIGN_IDENTITY[sdk=iphoneos*]" = "iPhone Distribution: Merakee LLC (8387E25V96)";
				COPY_PHASE_STRIP = YES;
				ENABLE_NS_ASSERTIONS = NO;
				GCC_C_LANGUAGE_STANDARD = gnu99;
				GCC_WARN_64_TO_32_BIT_CONVERSION = YES;
				GCC_WARN_ABOUT_RETURN_TYPE = YES_ERROR;
				GCC_WARN_UNDECLARED_SELECTOR = YES;
				GCC_WARN_UNINITIALIZED_AUTOS = YES;
				GCC_WARN_UNUSED_FUNCTION = YES;
				GCC_WARN_UNUSED_VARIABLE = YES;
				IPHONEOS_DEPLOYMENT_TARGET = 7.0;
				PROVISIONING_PROFILE = "70DFFC65-E638-452B-9CE8-CC1F54AE9664";
				SDKROOT = iphoneos;
				VALIDATE_PRODUCT = YES;
			};
			name = Release;
		};
		1114A81F182D8B3400089669 /* Debug */ = {
			isa = XCBuildConfiguration;
			buildSettings = {
				ASSETCATALOG_COMPILER_APPICON_NAME = AppIcon;
				ASSETCATALOG_COMPILER_LAUNCHIMAGE_NAME = LaunchImage;
				CLANG_ENABLE_OBJC_ARC = YES;
				CODE_SIGN_IDENTITY = "iPhone Developer";
				"CODE_SIGN_IDENTITY[sdk=iphoneos*]" = "iPhone Developer";
				GCC_PRECOMPILE_PREFIX_HEADER = YES;
				GCC_PREFIX_HEADER = "WordOfMouthEngine/WordOfMouthEngine-Prefix.pch";
				INFOPLIST_FILE = "WordOfMouthEngine/WordOfMouthEngine-Info.plist";
				ONLY_ACTIVE_ARCH = YES;
				PRODUCT_NAME = WordOfMouthEngine;
				PROVISIONING_PROFILE = "";
				TARGETED_DEVICE_FAMILY = 1;
				VALID_ARCHS = "armv7 arm64 arvm7s";
				WRAPPER_EXTENSION = app;
			};
			name = Debug;
		};
		1114A820182D8B3400089669 /* Release */ = {
			isa = XCBuildConfiguration;
			buildSettings = {
				ASSETCATALOG_COMPILER_APPICON_NAME = AppIcon;
				ASSETCATALOG_COMPILER_LAUNCHIMAGE_NAME = LaunchImage;
				CLANG_ENABLE_OBJC_ARC = YES;
				CODE_SIGN_IDENTITY = "iPhone Developer";
				"CODE_SIGN_IDENTITY[sdk=iphoneos*]" = "iPhone Developer";
				GCC_PRECOMPILE_PREFIX_HEADER = YES;
				GCC_PREFIX_HEADER = "WordOfMouthEngine/WordOfMouthEngine-Prefix.pch";
				INFOPLIST_FILE = "WordOfMouthEngine/WordOfMouthEngine-Info.plist";
				ONLY_ACTIVE_ARCH = NO;
				PRODUCT_NAME = WordOfMouthEngine;
				PROVISIONING_PROFILE = "";
				TARGETED_DEVICE_FAMILY = 1;
				VALID_ARCHS = "armv7 arm64 arvm7s";
				WRAPPER_EXTENSION = app;
			};
			name = Release;
		};
		1114A822182D8B3400089669 /* Debug */ = {
			isa = XCBuildConfiguration;
			buildSettings = {
				BUNDLE_LOADER = "$(BUILT_PRODUCTS_DIR)/WordOfMouthEngine.app/WordOfMouthEngine";
				CLANG_ENABLE_OBJC_ARC = YES;
				CODE_SIGN_IDENTITY = "iPhone Developer: Bijit Halder (L25J5ASAZZ)";
				"CODE_SIGN_IDENTITY[sdk=iphoneos*]" = "iPhone Developer: Bijit Halder (L25J5ASAZZ)";
				FRAMEWORK_SEARCH_PATHS = (
					"$(SDKROOT)/Developer/Library/Frameworks",
					"$(inherited)",
					"$(DEVELOPER_FRAMEWORKS_DIR)",
				);
				GCC_PRECOMPILE_PREFIX_HEADER = YES;
				GCC_PREFIX_HEADER = "WordOfMouthEngine/WordOfMouthEngine-Prefix.pch";
				GCC_PREPROCESSOR_DEFINITIONS = (
					"DEBUG=1",
					"$(inherited)",
				);
				INFOPLIST_FILE = "WordOfMouthEngineTests/WordOfMouthEngineTests-Info.plist";
				ONLY_ACTIVE_ARCH = YES;
				PRODUCT_NAME = WordOfMouthEngineTests;
				PROVISIONING_PROFILE = "490CF8BD-8895-4FF7-BED0-715A33E57FEF";
				TEST_HOST = "$(BUNDLE_LOADER)";
				VALID_ARCHS = "armv7 arm64 armv7s";
				WRAPPER_EXTENSION = xctest;
			};
			name = Debug;
		};
		1114A823182D8B3400089669 /* Release */ = {
			isa = XCBuildConfiguration;
			buildSettings = {
				BUNDLE_LOADER = "$(BUILT_PRODUCTS_DIR)/WordOfMouthEngine.app/WordOfMouthEngine";
				CLANG_ENABLE_OBJC_ARC = YES;
				CODE_SIGN_IDENTITY = "iPhone Distribution: Indriam Inc. (E2FCZXHQZ9)";
				"CODE_SIGN_IDENTITY[sdk=iphoneos*]" = "iPhone Distribution: Indriam Inc. (E2FCZXHQZ9)";
				FRAMEWORK_SEARCH_PATHS = (
					"$(SDKROOT)/Developer/Library/Frameworks",
					"$(inherited)",
					"$(DEVELOPER_FRAMEWORKS_DIR)",
				);
				GCC_PRECOMPILE_PREFIX_HEADER = YES;
				GCC_PREFIX_HEADER = "WordOfMouthEngine/WordOfMouthEngine-Prefix.pch";
				INFOPLIST_FILE = "WordOfMouthEngineTests/WordOfMouthEngineTests-Info.plist";
				ONLY_ACTIVE_ARCH = NO;
				PRODUCT_NAME = WordOfMouthEngineTests;
				PROVISIONING_PROFILE = "97A555A0-AAA6-4831-8AFA-A042FFD7CF7D";
				TEST_HOST = "$(BUNDLE_LOADER)";
				VALID_ARCHS = "armv7 arm64 armv7s";
				WRAPPER_EXTENSION = xctest;
			};
			name = Release;
		};
/* End XCBuildConfiguration section */

/* Begin XCConfigurationList section */
		1114A7ED182D8B3300089669 /* Build configuration list for PBXProject "WordOfMouthEngine" */ = {
			isa = XCConfigurationList;
			buildConfigurations = (
				1114A81C182D8B3400089669 /* Debug */,
				1114A81D182D8B3400089669 /* Release */,
			);
			defaultConfigurationIsVisible = 0;
			defaultConfigurationName = Release;
		};
		1114A81E182D8B3400089669 /* Build configuration list for PBXNativeTarget "WordOfMouthEngine" */ = {
			isa = XCConfigurationList;
			buildConfigurations = (
				1114A81F182D8B3400089669 /* Debug */,
				1114A820182D8B3400089669 /* Release */,
			);
			defaultConfigurationIsVisible = 0;
			defaultConfigurationName = Release;
		};
		1114A821182D8B3400089669 /* Build configuration list for PBXNativeTarget "WordOfMouthEngineTests" */ = {
			isa = XCConfigurationList;
			buildConfigurations = (
				1114A822182D8B3400089669 /* Debug */,
				1114A823182D8B3400089669 /* Release */,
			);
			defaultConfigurationIsVisible = 0;
			defaultConfigurationName = Release;
		};
/* End XCConfigurationList section */
	};
	rootObject = 1114A7EA182D8B3300089669 /* Project object */;
}
